// !$*UTF8*$!
{
	archiveVersion = 1;
	classes = {
	};
	objectVersion = 46;
	objects = {

/* Begin PBXBuildFile section */
		35E87AEB13633F6300E67586 /* QuartzCore.framework in Frameworks */ = {isa = PBXBuildFile; fileRef = 35E87AEA13633F6300E67586 /* QuartzCore.framework */; };
		35E87AED13633F6300E67586 /* OpenGLES.framework in Frameworks */ = {isa = PBXBuildFile; fileRef = 35E87AEC13633F6300E67586 /* OpenGLES.framework */; };
		35E87AEF13633F6300E67586 /* OpenAL.framework in Frameworks */ = {isa = PBXBuildFile; fileRef = 35E87AEE13633F6300E67586 /* OpenAL.framework */; };
		35E87AF113633F6300E67586 /* AudioToolbox.framework in Frameworks */ = {isa = PBXBuildFile; fileRef = 35E87AF013633F6300E67586 /* AudioToolbox.framework */; };
		35E87AF313633F6300E67586 /* AVFoundation.framework in Frameworks */ = {isa = PBXBuildFile; fileRef = 35E87AF213633F6300E67586 /* AVFoundation.framework */; };
		35E87AF513633F6300E67586 /* UIKit.framework in Frameworks */ = {isa = PBXBuildFile; fileRef = 35E87AF413633F6300E67586 /* UIKit.framework */; };
		35E87AF713633F6300E67586 /* Foundation.framework in Frameworks */ = {isa = PBXBuildFile; fileRef = 35E87AF613633F6300E67586 /* Foundation.framework */; };
		35E87AF913633F6300E67586 /* CoreGraphics.framework in Frameworks */ = {isa = PBXBuildFile; fileRef = 35E87AF813633F6300E67586 /* CoreGraphics.framework */; };
		35E87AFD13633F6300E67586 /* Default.png in Resources */ = {isa = PBXBuildFile; fileRef = 35E87AFC13633F6300E67586 /* Default.png */; };
		35E87AFF13633F6300E67586 /* fps_images.png in Resources */ = {isa = PBXBuildFile; fileRef = 35E87AFE13633F6300E67586 /* fps_images.png */; };
		35E87B0113633F6300E67586 /* Icon-72.png in Resources */ = {isa = PBXBuildFile; fileRef = 35E87B0013633F6300E67586 /* Icon-72.png */; };
		35E87B0313633F6300E67586 /* Icon-Small-50.png in Resources */ = {isa = PBXBuildFile; fileRef = 35E87B0213633F6300E67586 /* Icon-Small-50.png */; };
		35E87B0513633F6300E67586 /* Icon-Small.png in Resources */ = {isa = PBXBuildFile; fileRef = 35E87B0413633F6300E67586 /* Icon-Small.png */; };
		35E87B0713633F6300E67586 /* Icon-Small@2x.png in Resources */ = {isa = PBXBuildFile; fileRef = 35E87B0613633F6300E67586 /* Icon-Small@2x.png */; };
		35E87B0913633F6300E67586 /* Icon.png in Resources */ = {isa = PBXBuildFile; fileRef = 35E87B0813633F6300E67586 /* Icon.png */; };
		35E87B0B13633F6300E67586 /* Icon@2x.png in Resources */ = {isa = PBXBuildFile; fileRef = 35E87B0A13633F6300E67586 /* Icon@2x.png */; };
		35E87B0E13633F6400E67586 /* iTunesArtwork in Resources */ = {isa = PBXBuildFile; fileRef = 35E87B0D13633F6400E67586 /* iTunesArtwork */; };
		35E87B1213633F6400E67586 /* CCAction.m in Sources */ = {isa = PBXBuildFile; fileRef = 35E87B1113633F6400E67586 /* CCAction.m */; };
		35E87B1513633F6400E67586 /* CCActionCamera.m in Sources */ = {isa = PBXBuildFile; fileRef = 35E87B1413633F6400E67586 /* CCActionCamera.m */; };
		35E87B1813633F6400E67586 /* CCActionEase.m in Sources */ = {isa = PBXBuildFile; fileRef = 35E87B1713633F6400E67586 /* CCActionEase.m */; };
		35E87B1B13633F6400E67586 /* CCActionGrid.m in Sources */ = {isa = PBXBuildFile; fileRef = 35E87B1A13633F6400E67586 /* CCActionGrid.m */; };
		35E87B1E13633F6400E67586 /* CCActionGrid3D.m in Sources */ = {isa = PBXBuildFile; fileRef = 35E87B1D13633F6400E67586 /* CCActionGrid3D.m */; };
		35E87B2113633F6400E67586 /* CCActionInstant.m in Sources */ = {isa = PBXBuildFile; fileRef = 35E87B2013633F6400E67586 /* CCActionInstant.m */; };
		35E87B2413633F6400E67586 /* CCActionInterval.m in Sources */ = {isa = PBXBuildFile; fileRef = 35E87B2313633F6400E67586 /* CCActionInterval.m */; };
		35E87B2713633F6400E67586 /* CCActionManager.m in Sources */ = {isa = PBXBuildFile; fileRef = 35E87B2613633F6400E67586 /* CCActionManager.m */; };
		35E87B2A13633F6400E67586 /* CCActionPageTurn3D.m in Sources */ = {isa = PBXBuildFile; fileRef = 35E87B2913633F6400E67586 /* CCActionPageTurn3D.m */; };
		35E87B2D13633F6400E67586 /* CCActionProgressTimer.m in Sources */ = {isa = PBXBuildFile; fileRef = 35E87B2C13633F6400E67586 /* CCActionProgressTimer.m */; };
		35E87B3013633F6400E67586 /* CCActionTiledGrid.m in Sources */ = {isa = PBXBuildFile; fileRef = 35E87B2F13633F6400E67586 /* CCActionTiledGrid.m */; };
		35E87B3313633F6400E67586 /* CCActionTween.m in Sources */ = {isa = PBXBuildFile; fileRef = 35E87B3213633F6400E67586 /* CCActionTween.m */; };
		35E87B3613633F6400E67586 /* CCAnimation.m in Sources */ = {isa = PBXBuildFile; fileRef = 35E87B3513633F6400E67586 /* CCAnimation.m */; };
		35E87B3913633F6400E67586 /* CCAnimationCache.m in Sources */ = {isa = PBXBuildFile; fileRef = 35E87B3813633F6400E67586 /* CCAnimationCache.m */; };
		35E87B3C13633F6400E67586 /* CCAtlasNode.m in Sources */ = {isa = PBXBuildFile; fileRef = 35E87B3B13633F6400E67586 /* CCAtlasNode.m */; };
		35E87B3F13633F6400E67586 /* CCBlockSupport.m in Sources */ = {isa = PBXBuildFile; fileRef = 35E87B3E13633F6400E67586 /* CCBlockSupport.m */; };
		35E87B4213633F6400E67586 /* CCCamera.m in Sources */ = {isa = PBXBuildFile; fileRef = 35E87B4113633F6400E67586 /* CCCamera.m */; };
		35E87B4613633F6400E67586 /* CCConfiguration.m in Sources */ = {isa = PBXBuildFile; fileRef = 35E87B4513633F6400E67586 /* CCConfiguration.m */; };
		35E87B4913633F6500E67586 /* CCDirector.m in Sources */ = {isa = PBXBuildFile; fileRef = 35E87B4813633F6500E67586 /* CCDirector.m */; };
		35E87B4C13633F6500E67586 /* CCDrawingPrimitives.m in Sources */ = {isa = PBXBuildFile; fileRef = 35E87B4B13633F6500E67586 /* CCDrawingPrimitives.m */; };
		35E87B4F13633F6500E67586 /* CCGrabber.m in Sources */ = {isa = PBXBuildFile; fileRef = 35E87B4E13633F6500E67586 /* CCGrabber.m */; };
		35E87B5213633F6500E67586 /* CCGrid.m in Sources */ = {isa = PBXBuildFile; fileRef = 35E87B5113633F6500E67586 /* CCGrid.m */; };
		35E87B5513633F6500E67586 /* CCLabelAtlas.m in Sources */ = {isa = PBXBuildFile; fileRef = 35E87B5413633F6500E67586 /* CCLabelAtlas.m */; };
		35E87B5813633F6500E67586 /* CCLabelBMFont.m in Sources */ = {isa = PBXBuildFile; fileRef = 35E87B5713633F6500E67586 /* CCLabelBMFont.m */; };
		35E87B5B13633F6500E67586 /* CCLabelTTF.m in Sources */ = {isa = PBXBuildFile; fileRef = 35E87B5A13633F6500E67586 /* CCLabelTTF.m */; };
		35E87B5E13633F6500E67586 /* CCLayer.m in Sources */ = {isa = PBXBuildFile; fileRef = 35E87B5D13633F6500E67586 /* CCLayer.m */; };
		35E87B6213633F6500E67586 /* CCMenu.m in Sources */ = {isa = PBXBuildFile; fileRef = 35E87B6113633F6500E67586 /* CCMenu.m */; };
		35E87B6513633F6500E67586 /* CCMenuItem.m in Sources */ = {isa = PBXBuildFile; fileRef = 35E87B6413633F6500E67586 /* CCMenuItem.m */; };
		35E87B6813633F6500E67586 /* CCMotionStreak.m in Sources */ = {isa = PBXBuildFile; fileRef = 35E87B6713633F6500E67586 /* CCMotionStreak.m */; };
		35E87B6B13633F6500E67586 /* CCNode.m in Sources */ = {isa = PBXBuildFile; fileRef = 35E87B6A13633F6500E67586 /* CCNode.m */; };
		35E87B6E13633F6500E67586 /* CCParallaxNode.m in Sources */ = {isa = PBXBuildFile; fileRef = 35E87B6D13633F6500E67586 /* CCParallaxNode.m */; };
		35E87B7113633F6500E67586 /* CCParticleExamples.m in Sources */ = {isa = PBXBuildFile; fileRef = 35E87B7013633F6500E67586 /* CCParticleExamples.m */; };
		35E87B7413633F6500E67586 /* CCParticleSystem.m in Sources */ = {isa = PBXBuildFile; fileRef = 35E87B7313633F6500E67586 /* CCParticleSystem.m */; };
		35E87B7713633F6500E67586 /* CCParticleSystemPoint.m in Sources */ = {isa = PBXBuildFile; fileRef = 35E87B7613633F6500E67586 /* CCParticleSystemPoint.m */; };
		35E87B7A13633F6500E67586 /* CCParticleSystemQuad.m in Sources */ = {isa = PBXBuildFile; fileRef = 35E87B7913633F6500E67586 /* CCParticleSystemQuad.m */; };
		35E87B7D13633F6500E67586 /* CCProgressTimer.m in Sources */ = {isa = PBXBuildFile; fileRef = 35E87B7C13633F6500E67586 /* CCProgressTimer.m */; };
		35E87B8113633F6500E67586 /* CCRenderTexture.m in Sources */ = {isa = PBXBuildFile; fileRef = 35E87B8013633F6500E67586 /* CCRenderTexture.m */; };
		35E87B8413633F6500E67586 /* CCRibbon.m in Sources */ = {isa = PBXBuildFile; fileRef = 35E87B8313633F6500E67586 /* CCRibbon.m */; };
		35E87B8713633F6500E67586 /* CCScene.m in Sources */ = {isa = PBXBuildFile; fileRef = 35E87B8613633F6500E67586 /* CCScene.m */; };
		35E87B8A13633F6500E67586 /* CCScheduler.m in Sources */ = {isa = PBXBuildFile; fileRef = 35E87B8913633F6500E67586 /* CCScheduler.m */; };
		35E87B8D13633F6500E67586 /* CCSprite.m in Sources */ = {isa = PBXBuildFile; fileRef = 35E87B8C13633F6500E67586 /* CCSprite.m */; };
		35E87B9013633F6600E67586 /* CCSpriteBatchNode.m in Sources */ = {isa = PBXBuildFile; fileRef = 35E87B8F13633F6600E67586 /* CCSpriteBatchNode.m */; };
		35E87B9313633F6600E67586 /* CCSpriteFrame.m in Sources */ = {isa = PBXBuildFile; fileRef = 35E87B9213633F6600E67586 /* CCSpriteFrame.m */; };
		35E87B9613633F6600E67586 /* CCSpriteFrameCache.m in Sources */ = {isa = PBXBuildFile; fileRef = 35E87B9513633F6600E67586 /* CCSpriteFrameCache.m */; };
		35E87B9913633F6600E67586 /* CCTexture2D.m in Sources */ = {isa = PBXBuildFile; fileRef = 35E87B9813633F6600E67586 /* CCTexture2D.m */; };
		35E87B9C13633F6600E67586 /* CCTextureAtlas.m in Sources */ = {isa = PBXBuildFile; fileRef = 35E87B9B13633F6600E67586 /* CCTextureAtlas.m */; };
		35E87B9F13633F6600E67586 /* CCTextureCache.m in Sources */ = {isa = PBXBuildFile; fileRef = 35E87B9E13633F6600E67586 /* CCTextureCache.m */; };
		35E87BA213633F6600E67586 /* CCTexturePVR.m in Sources */ = {isa = PBXBuildFile; fileRef = 35E87BA113633F6600E67586 /* CCTexturePVR.m */; };
		35E87BA513633F6600E67586 /* CCTileMapAtlas.m in Sources */ = {isa = PBXBuildFile; fileRef = 35E87BA413633F6600E67586 /* CCTileMapAtlas.m */; };
		35E87BA813633F6600E67586 /* CCTMXLayer.m in Sources */ = {isa = PBXBuildFile; fileRef = 35E87BA713633F6600E67586 /* CCTMXLayer.m */; };
		35E87BAB13633F6600E67586 /* CCTMXObjectGroup.m in Sources */ = {isa = PBXBuildFile; fileRef = 35E87BAA13633F6600E67586 /* CCTMXObjectGroup.m */; };
		35E87BAE13633F6600E67586 /* CCTMXTiledMap.m in Sources */ = {isa = PBXBuildFile; fileRef = 35E87BAD13633F6600E67586 /* CCTMXTiledMap.m */; };
		35E87BB113633F6600E67586 /* CCTMXXMLParser.m in Sources */ = {isa = PBXBuildFile; fileRef = 35E87BB013633F6600E67586 /* CCTMXXMLParser.m */; };
		35E87BB413633F6600E67586 /* CCTransition.m in Sources */ = {isa = PBXBuildFile; fileRef = 35E87BB313633F6600E67586 /* CCTransition.m */; };
		35E87BB713633F6600E67586 /* CCTransitionPageTurn.m in Sources */ = {isa = PBXBuildFile; fileRef = 35E87BB613633F6600E67586 /* CCTransitionPageTurn.m */; };
		35E87BBA13633F6600E67586 /* CCTransitionRadial.m in Sources */ = {isa = PBXBuildFile; fileRef = 35E87BB913633F6600E67586 /* CCTransitionRadial.m */; };
		35E87BBE13633F6600E67586 /* cocos2d.m in Sources */ = {isa = PBXBuildFile; fileRef = 35E87BBD13633F6600E67586 /* cocos2d.m */; };
		35E87BC313633F6600E67586 /* CCDirectorIOS.m in Sources */ = {isa = PBXBuildFile; fileRef = 35E87BC213633F6600E67586 /* CCDirectorIOS.m */; };
		35E87BC713633F6600E67586 /* CCTouchDispatcher.m in Sources */ = {isa = PBXBuildFile; fileRef = 35E87BC613633F6600E67586 /* CCTouchDispatcher.m */; };
		35E87BCA13633F6600E67586 /* CCTouchHandler.m in Sources */ = {isa = PBXBuildFile; fileRef = 35E87BC913633F6600E67586 /* CCTouchHandler.m */; };
		35E87BCD13633F6600E67586 /* EAGLView.m in Sources */ = {isa = PBXBuildFile; fileRef = 35E87BCC13633F6600E67586 /* EAGLView.m */; };
		35E87BD013633F6600E67586 /* ES1Renderer.m in Sources */ = {isa = PBXBuildFile; fileRef = 35E87BCF13633F6600E67586 /* ES1Renderer.m */; };
		35E87BD313633F6600E67586 /* glu.c in Sources */ = {isa = PBXBuildFile; fileRef = 35E87BD213633F6600E67586 /* glu.c */; };
		35E87BD713633F6700E67586 /* CCDirectorMac.m in Sources */ = {isa = PBXBuildFile; fileRef = 35E87BD613633F6700E67586 /* CCDirectorMac.m */; };
		35E87BDA13633F6700E67586 /* CCEventDispatcher.m in Sources */ = {isa = PBXBuildFile; fileRef = 35E87BD913633F6700E67586 /* CCEventDispatcher.m */; };
		35E87BDD13633F6700E67586 /* MacGLView.m in Sources */ = {isa = PBXBuildFile; fileRef = 35E87BDC13633F6700E67586 /* MacGLView.m */; };
		35E87BE013633F6700E67586 /* MacWindow.m in Sources */ = {isa = PBXBuildFile; fileRef = 35E87BDF13633F6700E67586 /* MacWindow.m */; };
		35E87BE213633F6700E67586 /* base64.c in Sources */ = {isa = PBXBuildFile; fileRef = 35E87BE113633F6700E67586 /* base64.c */; };
		35E87BE613633F6700E67586 /* CCArray.m in Sources */ = {isa = PBXBuildFile; fileRef = 35E87BE513633F6700E67586 /* CCArray.m */; };
		35E87BEA13633F6700E67586 /* CCFileUtils.m in Sources */ = {isa = PBXBuildFile; fileRef = 35E87BE913633F6700E67586 /* CCFileUtils.m */; };
		35E87BED13633F6700E67586 /* CCProfiling.m in Sources */ = {isa = PBXBuildFile; fileRef = 35E87BEC13633F6700E67586 /* CCProfiling.m */; };
		35E87BEF13633F6700E67586 /* ccUtils.c in Sources */ = {isa = PBXBuildFile; fileRef = 35E87BEE13633F6700E67586 /* ccUtils.c */; };
		35E87BF313633F6700E67586 /* CGPointExtension.m in Sources */ = {isa = PBXBuildFile; fileRef = 35E87BF213633F6700E67586 /* CGPointExtension.m */; };
		35E87BF713633F6700E67586 /* TGAlib.m in Sources */ = {isa = PBXBuildFile; fileRef = 35E87BF613633F6700E67586 /* TGAlib.m */; };
		35E87BFA13633F6700E67586 /* TransformUtils.m in Sources */ = {isa = PBXBuildFile; fileRef = 35E87BF913633F6700E67586 /* TransformUtils.m */; };
		35E87BFF13633F6700E67586 /* ZipUtils.m in Sources */ = {isa = PBXBuildFile; fileRef = 35E87BFE13633F6700E67586 /* ZipUtils.m */; };
		35E87C0413633F6700E67586 /* CDAudioManager.m in Sources */ = {isa = PBXBuildFile; fileRef = 35E87C0313633F6700E67586 /* CDAudioManager.m */; };
		35E87C0813633F6700E67586 /* CDOpenALSupport.m in Sources */ = {isa = PBXBuildFile; fileRef = 35E87C0713633F6700E67586 /* CDOpenALSupport.m */; };
		35E87C0B13633F6700E67586 /* CocosDenshion.m in Sources */ = {isa = PBXBuildFile; fileRef = 35E87C0A13633F6700E67586 /* CocosDenshion.m */; };
		35E87C0E13633F6700E67586 /* SimpleAudioEngine.m in Sources */ = {isa = PBXBuildFile; fileRef = 35E87C0D13633F6700E67586 /* SimpleAudioEngine.m */; };
		35E87C1313633F6700E67586 /* CLScoreServerPost.m in Sources */ = {isa = PBXBuildFile; fileRef = 35E87C1213633F6700E67586 /* CLScoreServerPost.m */; };
		35E87C1613633F6700E67586 /* CLScoreServerRequest.m in Sources */ = {isa = PBXBuildFile; fileRef = 35E87C1513633F6700E67586 /* CLScoreServerRequest.m */; };
		35E87C1913633F6700E67586 /* cocoslive.m in Sources */ = {isa = PBXBuildFile; fileRef = 35E87C1813633F6700E67586 /* cocoslive.m */; };
		35E87C1E13633F6700E67586 /* CDataScanner.m in Sources */ = {isa = PBXBuildFile; fileRef = 35E87C1D13633F6700E67586 /* CDataScanner.m */; };
		35E87C2113633F6700E67586 /* CDataScanner_Extensions.m in Sources */ = {isa = PBXBuildFile; fileRef = 35E87C2013633F6700E67586 /* CDataScanner_Extensions.m */; };
		35E87C2413633F6800E67586 /* NSDictionary_JSONExtensions.m in Sources */ = {isa = PBXBuildFile; fileRef = 35E87C2313633F6800E67586 /* NSDictionary_JSONExtensions.m */; };
		35E87C2713633F6800E67586 /* CJSONDeserializer.m in Sources */ = {isa = PBXBuildFile; fileRef = 35E87C2613633F6800E67586 /* CJSONDeserializer.m */; };
		35E87C2A13633F6800E67586 /* CJSONScanner.m in Sources */ = {isa = PBXBuildFile; fileRef = 35E87C2913633F6800E67586 /* CJSONScanner.m */; };
		35E87C2D13633F6800E67586 /* CJSONSerializer.m in Sources */ = {isa = PBXBuildFile; fileRef = 35E87C2C13633F6800E67586 /* CJSONSerializer.m */; };
		35E87C3213633F6800E67586 /* FontLabel.m in Sources */ = {isa = PBXBuildFile; fileRef = 35E87C3113633F6800E67586 /* FontLabel.m */; };
		35E87C3513633F6800E67586 /* FontLabelStringDrawing.m in Sources */ = {isa = PBXBuildFile; fileRef = 35E87C3413633F6800E67586 /* FontLabelStringDrawing.m */; };
		35E87C3813633F6800E67586 /* FontManager.m in Sources */ = {isa = PBXBuildFile; fileRef = 35E87C3713633F6800E67586 /* FontManager.m */; };
		35E87C3B13633F6800E67586 /* ZAttributedString.m in Sources */ = {isa = PBXBuildFile; fileRef = 35E87C3A13633F6800E67586 /* ZAttributedString.m */; };
		35E87C3F13633F6800E67586 /* ZFont.m in Sources */ = {isa = PBXBuildFile; fileRef = 35E87C3E13633F6800E67586 /* ZFont.m */; };
		35E87C4413633F6800E67586 /* main.m in Sources */ = {isa = PBXBuildFile; fileRef = 35E87C4313633F6800E67586 /* main.m */; };
		35E87C4713633F6800E67586 /* AppDelegate.m in Sources */ = {isa = PBXBuildFile; fileRef = 35E87C4613633F6800E67586 /* AppDelegate.m */; };
		35E87C4A13633F6800E67586 /* RootViewController.m in Sources */ = {isa = PBXBuildFile; fileRef = 35E87C4913633F6800E67586 /* RootViewController.m */; };
		35E87C4D13633F6800E67586 /* HelloWorldLayer.m in Sources */ = {isa = PBXBuildFile; fileRef = 35E87C4C13633F6800E67586 /* HelloWorldLayer.m */; };
		35E87C6013633FC100E67586 /* bg.png in Resources */ = {isa = PBXBuildFile; fileRef = 35E87C5513633FC100E67586 /* bg.png */; };
		35E87C6113633FC100E67586 /* Arial-hd.fnt in Resources */ = {isa = PBXBuildFile; fileRef = 35E87C5713633FC100E67586 /* Arial-hd.fnt */; };
		35E87C6213633FC100E67586 /* Arial-hd.png in Resources */ = {isa = PBXBuildFile; fileRef = 35E87C5813633FC100E67586 /* Arial-hd.png */; };
		35E87C6313633FC100E67586 /* Arial.fnt in Resources */ = {isa = PBXBuildFile; fileRef = 35E87C5913633FC100E67586 /* Arial.fnt */; };
		35E87C6413633FC100E67586 /* Arial.png in Resources */ = {isa = PBXBuildFile; fileRef = 35E87C5A13633FC100E67586 /* Arial.png */; };
		35E87C6513633FC100E67586 /* CatSmash-hd.plist in Resources */ = {isa = PBXBuildFile; fileRef = 35E87C5C13633FC100E67586 /* CatSmash-hd.plist */; };
		35E87C6613633FC100E67586 /* CatSmash-hd.png in Resources */ = {isa = PBXBuildFile; fileRef = 35E87C5D13633FC100E67586 /* CatSmash-hd.png */; };
		35E87C6713633FC100E67586 /* CatSmash.plist in Resources */ = {isa = PBXBuildFile; fileRef = 35E87C5E13633FC100E67586 /* CatSmash.plist */; };
		35E87C6813633FC100E67586 /* CatSmash.png in Resources */ = {isa = PBXBuildFile; fileRef = 35E87C5F13633FC100E67586 /* CatSmash.png */; };
		35E87C6B1363408F00E67586 /* PlayerSprite.m in Sources */ = {isa = PBXBuildFile; fileRef = 35E87C6A1363408F00E67586 /* PlayerSprite.m */; };
		35E87C761363597F00E67586 /* GCHelper.m in Sources */ = {isa = PBXBuildFile; fileRef = 35E87C751363597E00E67586 /* GCHelper.m */; };
		35E87C7913635B6900E67586 /* GameKit.framework in Frameworks */ = {isa = PBXBuildFile; fileRef = 35E87C7813635B6900E67586 /* GameKit.framework */; settings = {ATTRIBUTES = (Weak, ); }; };
		35E87C841363715500E67586 /* GKMatchmakerViewController-LandscapeOnly.m in Sources */ = {isa = PBXBuildFile; fileRef = 35E87C831363715400E67586 /* GKMatchmakerViewController-LandscapeOnly.m */; };
/* End PBXBuildFile section */

/* Begin PBXFileReference section */
		35E87AE613633F6300E67586 /* CatRace.app */ = {isa = PBXFileReference; explicitFileType = wrapper.application; includeInIndex = 0; path = CatRace.app; sourceTree = BUILT_PRODUCTS_DIR; };
		35E87AEA13633F6300E67586 /* QuartzCore.framework */ = {isa = PBXFileReference; lastKnownFileType = wrapper.framework; name = QuartzCore.framework; path = System/Library/Frameworks/QuartzCore.framework; sourceTree = SDKROOT; };
		35E87AEC13633F6300E67586 /* OpenGLES.framework */ = {isa = PBXFileReference; lastKnownFileType = wrapper.framework; name = OpenGLES.framework; path = System/Library/Frameworks/OpenGLES.framework; sourceTree = SDKROOT; };
		35E87AEE13633F6300E67586 /* OpenAL.framework */ = {isa = PBXFileReference; lastKnownFileType = wrapper.framework; name = OpenAL.framework; path = System/Library/Frameworks/OpenAL.framework; sourceTree = SDKROOT; };
		35E87AF013633F6300E67586 /* AudioToolbox.framework */ = {isa = PBXFileReference; lastKnownFileType = wrapper.framework; name = AudioToolbox.framework; path = System/Library/Frameworks/AudioToolbox.framework; sourceTree = SDKROOT; };
		35E87AF213633F6300E67586 /* AVFoundation.framework */ = {isa = PBXFileReference; lastKnownFileType = wrapper.framework; name = AVFoundation.framework; path = System/Library/Frameworks/AVFoundation.framework; sourceTree = SDKROOT; };
		35E87AF413633F6300E67586 /* UIKit.framework */ = {isa = PBXFileReference; lastKnownFileType = wrapper.framework; name = UIKit.framework; path = System/Library/Frameworks/UIKit.framework; sourceTree = SDKROOT; };
		35E87AF613633F6300E67586 /* Foundation.framework */ = {isa = PBXFileReference; lastKnownFileType = wrapper.framework; name = Foundation.framework; path = System/Library/Frameworks/Foundation.framework; sourceTree = SDKROOT; };
		35E87AF813633F6300E67586 /* CoreGraphics.framework */ = {isa = PBXFileReference; lastKnownFileType = wrapper.framework; name = CoreGraphics.framework; path = System/Library/Frameworks/CoreGraphics.framework; sourceTree = SDKROOT; };
		35E87AFC13633F6300E67586 /* Default.png */ = {isa = PBXFileReference; lastKnownFileType = image.png; name = Default.png; path = Resources/Default.png; sourceTree = "<group>"; };
		35E87AFE13633F6300E67586 /* fps_images.png */ = {isa = PBXFileReference; lastKnownFileType = image.png; name = fps_images.png; path = Resources/fps_images.png; sourceTree = "<group>"; };
		35E87B0013633F6300E67586 /* Icon-72.png */ = {isa = PBXFileReference; lastKnownFileType = image.png; name = "Icon-72.png"; path = "Resources/Icon-72.png"; sourceTree = "<group>"; };
		35E87B0213633F6300E67586 /* Icon-Small-50.png */ = {isa = PBXFileReference; lastKnownFileType = image.png; name = "Icon-Small-50.png"; path = "Resources/Icon-Small-50.png"; sourceTree = "<group>"; };
		35E87B0413633F6300E67586 /* Icon-Small.png */ = {isa = PBXFileReference; lastKnownFileType = image.png; name = "Icon-Small.png"; path = "Resources/Icon-Small.png"; sourceTree = "<group>"; };
		35E87B0613633F6300E67586 /* Icon-Small@2x.png */ = {isa = PBXFileReference; lastKnownFileType = image.png; name = "Icon-Small@2x.png"; path = "Resources/Icon-Small@2x.png"; sourceTree = "<group>"; };
		35E87B0813633F6300E67586 /* Icon.png */ = {isa = PBXFileReference; lastKnownFileType = image.png; name = Icon.png; path = Resources/Icon.png; sourceTree = "<group>"; };
		35E87B0A13633F6300E67586 /* Icon@2x.png */ = {isa = PBXFileReference; lastKnownFileType = image.png; name = "Icon@2x.png"; path = "Resources/Icon@2x.png"; sourceTree = "<group>"; };
		35E87B0C13633F6400E67586 /* Info.plist */ = {isa = PBXFileReference; lastKnownFileType = text.plist.xml; name = Info.plist; path = Resources/Info.plist; sourceTree = "<group>"; };
		35E87B0D13633F6400E67586 /* iTunesArtwork */ = {isa = PBXFileReference; lastKnownFileType = file; name = iTunesArtwork; path = Resources/iTunesArtwork; sourceTree = "<group>"; };
		35E87B1013633F6400E67586 /* CCAction.h */ = {isa = PBXFileReference; lastKnownFileType = sourcecode.c.h; name = CCAction.h; path = libs/cocos2d/CCAction.h; sourceTree = "<group>"; };
		35E87B1113633F6400E67586 /* CCAction.m */ = {isa = PBXFileReference; lastKnownFileType = sourcecode.c.objc; name = CCAction.m; path = libs/cocos2d/CCAction.m; sourceTree = "<group>"; };
		35E87B1313633F6400E67586 /* CCActionCamera.h */ = {isa = PBXFileReference; lastKnownFileType = sourcecode.c.h; name = CCActionCamera.h; path = libs/cocos2d/CCActionCamera.h; sourceTree = "<group>"; };
		35E87B1413633F6400E67586 /* CCActionCamera.m */ = {isa = PBXFileReference; lastKnownFileType = sourcecode.c.objc; name = CCActionCamera.m; path = libs/cocos2d/CCActionCamera.m; sourceTree = "<group>"; };
		35E87B1613633F6400E67586 /* CCActionEase.h */ = {isa = PBXFileReference; lastKnownFileType = sourcecode.c.h; name = CCActionEase.h; path = libs/cocos2d/CCActionEase.h; sourceTree = "<group>"; };
		35E87B1713633F6400E67586 /* CCActionEase.m */ = {isa = PBXFileReference; lastKnownFileType = sourcecode.c.objc; name = CCActionEase.m; path = libs/cocos2d/CCActionEase.m; sourceTree = "<group>"; };
		35E87B1913633F6400E67586 /* CCActionGrid.h */ = {isa = PBXFileReference; lastKnownFileType = sourcecode.c.h; name = CCActionGrid.h; path = libs/cocos2d/CCActionGrid.h; sourceTree = "<group>"; };
		35E87B1A13633F6400E67586 /* CCActionGrid.m */ = {isa = PBXFileReference; lastKnownFileType = sourcecode.c.objc; name = CCActionGrid.m; path = libs/cocos2d/CCActionGrid.m; sourceTree = "<group>"; };
		35E87B1C13633F6400E67586 /* CCActionGrid3D.h */ = {isa = PBXFileReference; lastKnownFileType = sourcecode.c.h; name = CCActionGrid3D.h; path = libs/cocos2d/CCActionGrid3D.h; sourceTree = "<group>"; };
		35E87B1D13633F6400E67586 /* CCActionGrid3D.m */ = {isa = PBXFileReference; lastKnownFileType = sourcecode.c.objc; name = CCActionGrid3D.m; path = libs/cocos2d/CCActionGrid3D.m; sourceTree = "<group>"; };
		35E87B1F13633F6400E67586 /* CCActionInstant.h */ = {isa = PBXFileReference; lastKnownFileType = sourcecode.c.h; name = CCActionInstant.h; path = libs/cocos2d/CCActionInstant.h; sourceTree = "<group>"; };
		35E87B2013633F6400E67586 /* CCActionInstant.m */ = {isa = PBXFileReference; lastKnownFileType = sourcecode.c.objc; name = CCActionInstant.m; path = libs/cocos2d/CCActionInstant.m; sourceTree = "<group>"; };
		35E87B2213633F6400E67586 /* CCActionInterval.h */ = {isa = PBXFileReference; lastKnownFileType = sourcecode.c.h; name = CCActionInterval.h; path = libs/cocos2d/CCActionInterval.h; sourceTree = "<group>"; };
		35E87B2313633F6400E67586 /* CCActionInterval.m */ = {isa = PBXFileReference; lastKnownFileType = sourcecode.c.objc; name = CCActionInterval.m; path = libs/cocos2d/CCActionInterval.m; sourceTree = "<group>"; };
		35E87B2513633F6400E67586 /* CCActionManager.h */ = {isa = PBXFileReference; lastKnownFileType = sourcecode.c.h; name = CCActionManager.h; path = libs/cocos2d/CCActionManager.h; sourceTree = "<group>"; };
		35E87B2613633F6400E67586 /* CCActionManager.m */ = {isa = PBXFileReference; lastKnownFileType = sourcecode.c.objc; name = CCActionManager.m; path = libs/cocos2d/CCActionManager.m; sourceTree = "<group>"; };
		35E87B2813633F6400E67586 /* CCActionPageTurn3D.h */ = {isa = PBXFileReference; lastKnownFileType = sourcecode.c.h; name = CCActionPageTurn3D.h; path = libs/cocos2d/CCActionPageTurn3D.h; sourceTree = "<group>"; };
		35E87B2913633F6400E67586 /* CCActionPageTurn3D.m */ = {isa = PBXFileReference; lastKnownFileType = sourcecode.c.objc; name = CCActionPageTurn3D.m; path = libs/cocos2d/CCActionPageTurn3D.m; sourceTree = "<group>"; };
		35E87B2B13633F6400E67586 /* CCActionProgressTimer.h */ = {isa = PBXFileReference; lastKnownFileType = sourcecode.c.h; name = CCActionProgressTimer.h; path = libs/cocos2d/CCActionProgressTimer.h; sourceTree = "<group>"; };
		35E87B2C13633F6400E67586 /* CCActionProgressTimer.m */ = {isa = PBXFileReference; lastKnownFileType = sourcecode.c.objc; name = CCActionProgressTimer.m; path = libs/cocos2d/CCActionProgressTimer.m; sourceTree = "<group>"; };
		35E87B2E13633F6400E67586 /* CCActionTiledGrid.h */ = {isa = PBXFileReference; lastKnownFileType = sourcecode.c.h; name = CCActionTiledGrid.h; path = libs/cocos2d/CCActionTiledGrid.h; sourceTree = "<group>"; };
		35E87B2F13633F6400E67586 /* CCActionTiledGrid.m */ = {isa = PBXFileReference; lastKnownFileType = sourcecode.c.objc; name = CCActionTiledGrid.m; path = libs/cocos2d/CCActionTiledGrid.m; sourceTree = "<group>"; };
		35E87B3113633F6400E67586 /* CCActionTween.h */ = {isa = PBXFileReference; lastKnownFileType = sourcecode.c.h; name = CCActionTween.h; path = libs/cocos2d/CCActionTween.h; sourceTree = "<group>"; };
		35E87B3213633F6400E67586 /* CCActionTween.m */ = {isa = PBXFileReference; lastKnownFileType = sourcecode.c.objc; name = CCActionTween.m; path = libs/cocos2d/CCActionTween.m; sourceTree = "<group>"; };
		35E87B3413633F6400E67586 /* CCAnimation.h */ = {isa = PBXFileReference; lastKnownFileType = sourcecode.c.h; name = CCAnimation.h; path = libs/cocos2d/CCAnimation.h; sourceTree = "<group>"; };
		35E87B3513633F6400E67586 /* CCAnimation.m */ = {isa = PBXFileReference; lastKnownFileType = sourcecode.c.objc; name = CCAnimation.m; path = libs/cocos2d/CCAnimation.m; sourceTree = "<group>"; };
		35E87B3713633F6400E67586 /* CCAnimationCache.h */ = {isa = PBXFileReference; lastKnownFileType = sourcecode.c.h; name = CCAnimationCache.h; path = libs/cocos2d/CCAnimationCache.h; sourceTree = "<group>"; };
		35E87B3813633F6400E67586 /* CCAnimationCache.m */ = {isa = PBXFileReference; lastKnownFileType = sourcecode.c.objc; name = CCAnimationCache.m; path = libs/cocos2d/CCAnimationCache.m; sourceTree = "<group>"; };
		35E87B3A13633F6400E67586 /* CCAtlasNode.h */ = {isa = PBXFileReference; lastKnownFileType = sourcecode.c.h; name = CCAtlasNode.h; path = libs/cocos2d/CCAtlasNode.h; sourceTree = "<group>"; };
		35E87B3B13633F6400E67586 /* CCAtlasNode.m */ = {isa = PBXFileReference; lastKnownFileType = sourcecode.c.objc; name = CCAtlasNode.m; path = libs/cocos2d/CCAtlasNode.m; sourceTree = "<group>"; };
		35E87B3D13633F6400E67586 /* CCBlockSupport.h */ = {isa = PBXFileReference; lastKnownFileType = sourcecode.c.h; name = CCBlockSupport.h; path = libs/cocos2d/CCBlockSupport.h; sourceTree = "<group>"; };
		35E87B3E13633F6400E67586 /* CCBlockSupport.m */ = {isa = PBXFileReference; lastKnownFileType = sourcecode.c.objc; name = CCBlockSupport.m; path = libs/cocos2d/CCBlockSupport.m; sourceTree = "<group>"; };
		35E87B4013633F6400E67586 /* CCCamera.h */ = {isa = PBXFileReference; lastKnownFileType = sourcecode.c.h; name = CCCamera.h; path = libs/cocos2d/CCCamera.h; sourceTree = "<group>"; };
		35E87B4113633F6400E67586 /* CCCamera.m */ = {isa = PBXFileReference; lastKnownFileType = sourcecode.c.objc; name = CCCamera.m; path = libs/cocos2d/CCCamera.m; sourceTree = "<group>"; };
		35E87B4313633F6400E67586 /* ccConfig.h */ = {isa = PBXFileReference; lastKnownFileType = sourcecode.c.h; name = ccConfig.h; path = libs/cocos2d/ccConfig.h; sourceTree = "<group>"; };
		35E87B4413633F6400E67586 /* CCConfiguration.h */ = {isa = PBXFileReference; lastKnownFileType = sourcecode.c.h; name = CCConfiguration.h; path = libs/cocos2d/CCConfiguration.h; sourceTree = "<group>"; };
		35E87B4513633F6400E67586 /* CCConfiguration.m */ = {isa = PBXFileReference; lastKnownFileType = sourcecode.c.objc; name = CCConfiguration.m; path = libs/cocos2d/CCConfiguration.m; sourceTree = "<group>"; };
		35E87B4713633F6400E67586 /* CCDirector.h */ = {isa = PBXFileReference; lastKnownFileType = sourcecode.c.h; name = CCDirector.h; path = libs/cocos2d/CCDirector.h; sourceTree = "<group>"; };
		35E87B4813633F6500E67586 /* CCDirector.m */ = {isa = PBXFileReference; lastKnownFileType = sourcecode.c.objc; name = CCDirector.m; path = libs/cocos2d/CCDirector.m; sourceTree = "<group>"; };
		35E87B4A13633F6500E67586 /* CCDrawingPrimitives.h */ = {isa = PBXFileReference; lastKnownFileType = sourcecode.c.h; name = CCDrawingPrimitives.h; path = libs/cocos2d/CCDrawingPrimitives.h; sourceTree = "<group>"; };
		35E87B4B13633F6500E67586 /* CCDrawingPrimitives.m */ = {isa = PBXFileReference; lastKnownFileType = sourcecode.c.objc; name = CCDrawingPrimitives.m; path = libs/cocos2d/CCDrawingPrimitives.m; sourceTree = "<group>"; };
		35E87B4D13633F6500E67586 /* CCGrabber.h */ = {isa = PBXFileReference; lastKnownFileType = sourcecode.c.h; name = CCGrabber.h; path = libs/cocos2d/CCGrabber.h; sourceTree = "<group>"; };
		35E87B4E13633F6500E67586 /* CCGrabber.m */ = {isa = PBXFileReference; lastKnownFileType = sourcecode.c.objc; name = CCGrabber.m; path = libs/cocos2d/CCGrabber.m; sourceTree = "<group>"; };
		35E87B5013633F6500E67586 /* CCGrid.h */ = {isa = PBXFileReference; lastKnownFileType = sourcecode.c.h; name = CCGrid.h; path = libs/cocos2d/CCGrid.h; sourceTree = "<group>"; };
		35E87B5113633F6500E67586 /* CCGrid.m */ = {isa = PBXFileReference; lastKnownFileType = sourcecode.c.objc; name = CCGrid.m; path = libs/cocos2d/CCGrid.m; sourceTree = "<group>"; };
		35E87B5313633F6500E67586 /* CCLabelAtlas.h */ = {isa = PBXFileReference; lastKnownFileType = sourcecode.c.h; name = CCLabelAtlas.h; path = libs/cocos2d/CCLabelAtlas.h; sourceTree = "<group>"; };
		35E87B5413633F6500E67586 /* CCLabelAtlas.m */ = {isa = PBXFileReference; lastKnownFileType = sourcecode.c.objc; name = CCLabelAtlas.m; path = libs/cocos2d/CCLabelAtlas.m; sourceTree = "<group>"; };
		35E87B5613633F6500E67586 /* CCLabelBMFont.h */ = {isa = PBXFileReference; lastKnownFileType = sourcecode.c.h; name = CCLabelBMFont.h; path = libs/cocos2d/CCLabelBMFont.h; sourceTree = "<group>"; };
		35E87B5713633F6500E67586 /* CCLabelBMFont.m */ = {isa = PBXFileReference; lastKnownFileType = sourcecode.c.objc; name = CCLabelBMFont.m; path = libs/cocos2d/CCLabelBMFont.m; sourceTree = "<group>"; };
		35E87B5913633F6500E67586 /* CCLabelTTF.h */ = {isa = PBXFileReference; lastKnownFileType = sourcecode.c.h; name = CCLabelTTF.h; path = libs/cocos2d/CCLabelTTF.h; sourceTree = "<group>"; };
		35E87B5A13633F6500E67586 /* CCLabelTTF.m */ = {isa = PBXFileReference; lastKnownFileType = sourcecode.c.objc; name = CCLabelTTF.m; path = libs/cocos2d/CCLabelTTF.m; sourceTree = "<group>"; };
		35E87B5C13633F6500E67586 /* CCLayer.h */ = {isa = PBXFileReference; lastKnownFileType = sourcecode.c.h; name = CCLayer.h; path = libs/cocos2d/CCLayer.h; sourceTree = "<group>"; };
		35E87B5D13633F6500E67586 /* CCLayer.m */ = {isa = PBXFileReference; lastKnownFileType = sourcecode.c.objc; name = CCLayer.m; path = libs/cocos2d/CCLayer.m; sourceTree = "<group>"; };
		35E87B5F13633F6500E67586 /* ccMacros.h */ = {isa = PBXFileReference; lastKnownFileType = sourcecode.c.h; name = ccMacros.h; path = libs/cocos2d/ccMacros.h; sourceTree = "<group>"; };
		35E87B6013633F6500E67586 /* CCMenu.h */ = {isa = PBXFileReference; lastKnownFileType = sourcecode.c.h; name = CCMenu.h; path = libs/cocos2d/CCMenu.h; sourceTree = "<group>"; };
		35E87B6113633F6500E67586 /* CCMenu.m */ = {isa = PBXFileReference; lastKnownFileType = sourcecode.c.objc; name = CCMenu.m; path = libs/cocos2d/CCMenu.m; sourceTree = "<group>"; };
		35E87B6313633F6500E67586 /* CCMenuItem.h */ = {isa = PBXFileReference; lastKnownFileType = sourcecode.c.h; name = CCMenuItem.h; path = libs/cocos2d/CCMenuItem.h; sourceTree = "<group>"; };
		35E87B6413633F6500E67586 /* CCMenuItem.m */ = {isa = PBXFileReference; lastKnownFileType = sourcecode.c.objc; name = CCMenuItem.m; path = libs/cocos2d/CCMenuItem.m; sourceTree = "<group>"; };
		35E87B6613633F6500E67586 /* CCMotionStreak.h */ = {isa = PBXFileReference; lastKnownFileType = sourcecode.c.h; name = CCMotionStreak.h; path = libs/cocos2d/CCMotionStreak.h; sourceTree = "<group>"; };
		35E87B6713633F6500E67586 /* CCMotionStreak.m */ = {isa = PBXFileReference; lastKnownFileType = sourcecode.c.objc; name = CCMotionStreak.m; path = libs/cocos2d/CCMotionStreak.m; sourceTree = "<group>"; };
		35E87B6913633F6500E67586 /* CCNode.h */ = {isa = PBXFileReference; lastKnownFileType = sourcecode.c.h; name = CCNode.h; path = libs/cocos2d/CCNode.h; sourceTree = "<group>"; };
		35E87B6A13633F6500E67586 /* CCNode.m */ = {isa = PBXFileReference; lastKnownFileType = sourcecode.c.objc; name = CCNode.m; path = libs/cocos2d/CCNode.m; sourceTree = "<group>"; };
		35E87B6C13633F6500E67586 /* CCParallaxNode.h */ = {isa = PBXFileReference; lastKnownFileType = sourcecode.c.h; name = CCParallaxNode.h; path = libs/cocos2d/CCParallaxNode.h; sourceTree = "<group>"; };
		35E87B6D13633F6500E67586 /* CCParallaxNode.m */ = {isa = PBXFileReference; lastKnownFileType = sourcecode.c.objc; name = CCParallaxNode.m; path = libs/cocos2d/CCParallaxNode.m; sourceTree = "<group>"; };
		35E87B6F13633F6500E67586 /* CCParticleExamples.h */ = {isa = PBXFileReference; lastKnownFileType = sourcecode.c.h; name = CCParticleExamples.h; path = libs/cocos2d/CCParticleExamples.h; sourceTree = "<group>"; };
		35E87B7013633F6500E67586 /* CCParticleExamples.m */ = {isa = PBXFileReference; lastKnownFileType = sourcecode.c.objc; name = CCParticleExamples.m; path = libs/cocos2d/CCParticleExamples.m; sourceTree = "<group>"; };
		35E87B7213633F6500E67586 /* CCParticleSystem.h */ = {isa = PBXFileReference; lastKnownFileType = sourcecode.c.h; name = CCParticleSystem.h; path = libs/cocos2d/CCParticleSystem.h; sourceTree = "<group>"; };
		35E87B7313633F6500E67586 /* CCParticleSystem.m */ = {isa = PBXFileReference; lastKnownFileType = sourcecode.c.objc; name = CCParticleSystem.m; path = libs/cocos2d/CCParticleSystem.m; sourceTree = "<group>"; };
		35E87B7513633F6500E67586 /* CCParticleSystemPoint.h */ = {isa = PBXFileReference; lastKnownFileType = sourcecode.c.h; name = CCParticleSystemPoint.h; path = libs/cocos2d/CCParticleSystemPoint.h; sourceTree = "<group>"; };
		35E87B7613633F6500E67586 /* CCParticleSystemPoint.m */ = {isa = PBXFileReference; lastKnownFileType = sourcecode.c.objc; name = CCParticleSystemPoint.m; path = libs/cocos2d/CCParticleSystemPoint.m; sourceTree = "<group>"; };
		35E87B7813633F6500E67586 /* CCParticleSystemQuad.h */ = {isa = PBXFileReference; lastKnownFileType = sourcecode.c.h; name = CCParticleSystemQuad.h; path = libs/cocos2d/CCParticleSystemQuad.h; sourceTree = "<group>"; };
		35E87B7913633F6500E67586 /* CCParticleSystemQuad.m */ = {isa = PBXFileReference; lastKnownFileType = sourcecode.c.objc; name = CCParticleSystemQuad.m; path = libs/cocos2d/CCParticleSystemQuad.m; sourceTree = "<group>"; };
		35E87B7B13633F6500E67586 /* CCProgressTimer.h */ = {isa = PBXFileReference; lastKnownFileType = sourcecode.c.h; name = CCProgressTimer.h; path = libs/cocos2d/CCProgressTimer.h; sourceTree = "<group>"; };
		35E87B7C13633F6500E67586 /* CCProgressTimer.m */ = {isa = PBXFileReference; lastKnownFileType = sourcecode.c.objc; name = CCProgressTimer.m; path = libs/cocos2d/CCProgressTimer.m; sourceTree = "<group>"; };
		35E87B7E13633F6500E67586 /* CCProtocols.h */ = {isa = PBXFileReference; lastKnownFileType = sourcecode.c.h; name = CCProtocols.h; path = libs/cocos2d/CCProtocols.h; sourceTree = "<group>"; };
		35E87B7F13633F6500E67586 /* CCRenderTexture.h */ = {isa = PBXFileReference; lastKnownFileType = sourcecode.c.h; name = CCRenderTexture.h; path = libs/cocos2d/CCRenderTexture.h; sourceTree = "<group>"; };
		35E87B8013633F6500E67586 /* CCRenderTexture.m */ = {isa = PBXFileReference; lastKnownFileType = sourcecode.c.objc; name = CCRenderTexture.m; path = libs/cocos2d/CCRenderTexture.m; sourceTree = "<group>"; };
		35E87B8213633F6500E67586 /* CCRibbon.h */ = {isa = PBXFileReference; lastKnownFileType = sourcecode.c.h; name = CCRibbon.h; path = libs/cocos2d/CCRibbon.h; sourceTree = "<group>"; };
		35E87B8313633F6500E67586 /* CCRibbon.m */ = {isa = PBXFileReference; lastKnownFileType = sourcecode.c.objc; name = CCRibbon.m; path = libs/cocos2d/CCRibbon.m; sourceTree = "<group>"; };
		35E87B8513633F6500E67586 /* CCScene.h */ = {isa = PBXFileReference; lastKnownFileType = sourcecode.c.h; name = CCScene.h; path = libs/cocos2d/CCScene.h; sourceTree = "<group>"; };
		35E87B8613633F6500E67586 /* CCScene.m */ = {isa = PBXFileReference; lastKnownFileType = sourcecode.c.objc; name = CCScene.m; path = libs/cocos2d/CCScene.m; sourceTree = "<group>"; };
		35E87B8813633F6500E67586 /* CCScheduler.h */ = {isa = PBXFileReference; lastKnownFileType = sourcecode.c.h; name = CCScheduler.h; path = libs/cocos2d/CCScheduler.h; sourceTree = "<group>"; };
		35E87B8913633F6500E67586 /* CCScheduler.m */ = {isa = PBXFileReference; lastKnownFileType = sourcecode.c.objc; name = CCScheduler.m; path = libs/cocos2d/CCScheduler.m; sourceTree = "<group>"; };
		35E87B8B13633F6500E67586 /* CCSprite.h */ = {isa = PBXFileReference; lastKnownFileType = sourcecode.c.h; name = CCSprite.h; path = libs/cocos2d/CCSprite.h; sourceTree = "<group>"; };
		35E87B8C13633F6500E67586 /* CCSprite.m */ = {isa = PBXFileReference; lastKnownFileType = sourcecode.c.objc; name = CCSprite.m; path = libs/cocos2d/CCSprite.m; sourceTree = "<group>"; };
		35E87B8E13633F6500E67586 /* CCSpriteBatchNode.h */ = {isa = PBXFileReference; lastKnownFileType = sourcecode.c.h; name = CCSpriteBatchNode.h; path = libs/cocos2d/CCSpriteBatchNode.h; sourceTree = "<group>"; };
		35E87B8F13633F6600E67586 /* CCSpriteBatchNode.m */ = {isa = PBXFileReference; lastKnownFileType = sourcecode.c.objc; name = CCSpriteBatchNode.m; path = libs/cocos2d/CCSpriteBatchNode.m; sourceTree = "<group>"; };
		35E87B9113633F6600E67586 /* CCSpriteFrame.h */ = {isa = PBXFileReference; lastKnownFileType = sourcecode.c.h; name = CCSpriteFrame.h; path = libs/cocos2d/CCSpriteFrame.h; sourceTree = "<group>"; };
		35E87B9213633F6600E67586 /* CCSpriteFrame.m */ = {isa = PBXFileReference; lastKnownFileType = sourcecode.c.objc; name = CCSpriteFrame.m; path = libs/cocos2d/CCSpriteFrame.m; sourceTree = "<group>"; };
		35E87B9413633F6600E67586 /* CCSpriteFrameCache.h */ = {isa = PBXFileReference; lastKnownFileType = sourcecode.c.h; name = CCSpriteFrameCache.h; path = libs/cocos2d/CCSpriteFrameCache.h; sourceTree = "<group>"; };
		35E87B9513633F6600E67586 /* CCSpriteFrameCache.m */ = {isa = PBXFileReference; lastKnownFileType = sourcecode.c.objc; name = CCSpriteFrameCache.m; path = libs/cocos2d/CCSpriteFrameCache.m; sourceTree = "<group>"; };
		35E87B9713633F6600E67586 /* CCTexture2D.h */ = {isa = PBXFileReference; lastKnownFileType = sourcecode.c.h; name = CCTexture2D.h; path = libs/cocos2d/CCTexture2D.h; sourceTree = "<group>"; };
		35E87B9813633F6600E67586 /* CCTexture2D.m */ = {isa = PBXFileReference; lastKnownFileType = sourcecode.c.objc; name = CCTexture2D.m; path = libs/cocos2d/CCTexture2D.m; sourceTree = "<group>"; };
		35E87B9A13633F6600E67586 /* CCTextureAtlas.h */ = {isa = PBXFileReference; lastKnownFileType = sourcecode.c.h; name = CCTextureAtlas.h; path = libs/cocos2d/CCTextureAtlas.h; sourceTree = "<group>"; };
		35E87B9B13633F6600E67586 /* CCTextureAtlas.m */ = {isa = PBXFileReference; lastKnownFileType = sourcecode.c.objc; name = CCTextureAtlas.m; path = libs/cocos2d/CCTextureAtlas.m; sourceTree = "<group>"; };
		35E87B9D13633F6600E67586 /* CCTextureCache.h */ = {isa = PBXFileReference; lastKnownFileType = sourcecode.c.h; name = CCTextureCache.h; path = libs/cocos2d/CCTextureCache.h; sourceTree = "<group>"; };
		35E87B9E13633F6600E67586 /* CCTextureCache.m */ = {isa = PBXFileReference; lastKnownFileType = sourcecode.c.objc; name = CCTextureCache.m; path = libs/cocos2d/CCTextureCache.m; sourceTree = "<group>"; };
		35E87BA013633F6600E67586 /* CCTexturePVR.h */ = {isa = PBXFileReference; lastKnownFileType = sourcecode.c.h; name = CCTexturePVR.h; path = libs/cocos2d/CCTexturePVR.h; sourceTree = "<group>"; };
		35E87BA113633F6600E67586 /* CCTexturePVR.m */ = {isa = PBXFileReference; lastKnownFileType = sourcecode.c.objc; name = CCTexturePVR.m; path = libs/cocos2d/CCTexturePVR.m; sourceTree = "<group>"; };
		35E87BA313633F6600E67586 /* CCTileMapAtlas.h */ = {isa = PBXFileReference; lastKnownFileType = sourcecode.c.h; name = CCTileMapAtlas.h; path = libs/cocos2d/CCTileMapAtlas.h; sourceTree = "<group>"; };
		35E87BA413633F6600E67586 /* CCTileMapAtlas.m */ = {isa = PBXFileReference; lastKnownFileType = sourcecode.c.objc; name = CCTileMapAtlas.m; path = libs/cocos2d/CCTileMapAtlas.m; sourceTree = "<group>"; };
		35E87BA613633F6600E67586 /* CCTMXLayer.h */ = {isa = PBXFileReference; lastKnownFileType = sourcecode.c.h; name = CCTMXLayer.h; path = libs/cocos2d/CCTMXLayer.h; sourceTree = "<group>"; };
		35E87BA713633F6600E67586 /* CCTMXLayer.m */ = {isa = PBXFileReference; lastKnownFileType = sourcecode.c.objc; name = CCTMXLayer.m; path = libs/cocos2d/CCTMXLayer.m; sourceTree = "<group>"; };
		35E87BA913633F6600E67586 /* CCTMXObjectGroup.h */ = {isa = PBXFileReference; lastKnownFileType = sourcecode.c.h; name = CCTMXObjectGroup.h; path = libs/cocos2d/CCTMXObjectGroup.h; sourceTree = "<group>"; };
		35E87BAA13633F6600E67586 /* CCTMXObjectGroup.m */ = {isa = PBXFileReference; lastKnownFileType = sourcecode.c.objc; name = CCTMXObjectGroup.m; path = libs/cocos2d/CCTMXObjectGroup.m; sourceTree = "<group>"; };
		35E87BAC13633F6600E67586 /* CCTMXTiledMap.h */ = {isa = PBXFileReference; lastKnownFileType = sourcecode.c.h; name = CCTMXTiledMap.h; path = libs/cocos2d/CCTMXTiledMap.h; sourceTree = "<group>"; };
		35E87BAD13633F6600E67586 /* CCTMXTiledMap.m */ = {isa = PBXFileReference; lastKnownFileType = sourcecode.c.objc; name = CCTMXTiledMap.m; path = libs/cocos2d/CCTMXTiledMap.m; sourceTree = "<group>"; };
		35E87BAF13633F6600E67586 /* CCTMXXMLParser.h */ = {isa = PBXFileReference; lastKnownFileType = sourcecode.c.h; name = CCTMXXMLParser.h; path = libs/cocos2d/CCTMXXMLParser.h; sourceTree = "<group>"; };
		35E87BB013633F6600E67586 /* CCTMXXMLParser.m */ = {isa = PBXFileReference; lastKnownFileType = sourcecode.c.objc; name = CCTMXXMLParser.m; path = libs/cocos2d/CCTMXXMLParser.m; sourceTree = "<group>"; };
		35E87BB213633F6600E67586 /* CCTransition.h */ = {isa = PBXFileReference; lastKnownFileType = sourcecode.c.h; name = CCTransition.h; path = libs/cocos2d/CCTransition.h; sourceTree = "<group>"; };
		35E87BB313633F6600E67586 /* CCTransition.m */ = {isa = PBXFileReference; lastKnownFileType = sourcecode.c.objc; name = CCTransition.m; path = libs/cocos2d/CCTransition.m; sourceTree = "<group>"; };
		35E87BB513633F6600E67586 /* CCTransitionPageTurn.h */ = {isa = PBXFileReference; lastKnownFileType = sourcecode.c.h; name = CCTransitionPageTurn.h; path = libs/cocos2d/CCTransitionPageTurn.h; sourceTree = "<group>"; };
		35E87BB613633F6600E67586 /* CCTransitionPageTurn.m */ = {isa = PBXFileReference; lastKnownFileType = sourcecode.c.objc; name = CCTransitionPageTurn.m; path = libs/cocos2d/CCTransitionPageTurn.m; sourceTree = "<group>"; };
		35E87BB813633F6600E67586 /* CCTransitionRadial.h */ = {isa = PBXFileReference; lastKnownFileType = sourcecode.c.h; name = CCTransitionRadial.h; path = libs/cocos2d/CCTransitionRadial.h; sourceTree = "<group>"; };
		35E87BB913633F6600E67586 /* CCTransitionRadial.m */ = {isa = PBXFileReference; lastKnownFileType = sourcecode.c.objc; name = CCTransitionRadial.m; path = libs/cocos2d/CCTransitionRadial.m; sourceTree = "<group>"; };
		35E87BBB13633F6600E67586 /* ccTypes.h */ = {isa = PBXFileReference; lastKnownFileType = sourcecode.c.h; name = ccTypes.h; path = libs/cocos2d/ccTypes.h; sourceTree = "<group>"; };
		35E87BBC13633F6600E67586 /* cocos2d.h */ = {isa = PBXFileReference; lastKnownFileType = sourcecode.c.h; name = cocos2d.h; path = libs/cocos2d/cocos2d.h; sourceTree = "<group>"; };
		35E87BBD13633F6600E67586 /* cocos2d.m */ = {isa = PBXFileReference; lastKnownFileType = sourcecode.c.objc; name = cocos2d.m; path = libs/cocos2d/cocos2d.m; sourceTree = "<group>"; };
		35E87BBF13633F6600E67586 /* CCGL.h */ = {isa = PBXFileReference; lastKnownFileType = sourcecode.c.h; name = CCGL.h; path = libs/cocos2d/Platforms/CCGL.h; sourceTree = "<group>"; };
		35E87BC013633F6600E67586 /* CCNS.h */ = {isa = PBXFileReference; lastKnownFileType = sourcecode.c.h; name = CCNS.h; path = libs/cocos2d/Platforms/CCNS.h; sourceTree = "<group>"; };
		35E87BC113633F6600E67586 /* CCDirectorIOS.h */ = {isa = PBXFileReference; lastKnownFileType = sourcecode.c.h; name = CCDirectorIOS.h; path = libs/cocos2d/Platforms/iOS/CCDirectorIOS.h; sourceTree = "<group>"; };
		35E87BC213633F6600E67586 /* CCDirectorIOS.m */ = {isa = PBXFileReference; lastKnownFileType = sourcecode.c.objc; name = CCDirectorIOS.m; path = libs/cocos2d/Platforms/iOS/CCDirectorIOS.m; sourceTree = "<group>"; };
		35E87BC413633F6600E67586 /* CCTouchDelegateProtocol.h */ = {isa = PBXFileReference; lastKnownFileType = sourcecode.c.h; name = CCTouchDelegateProtocol.h; path = libs/cocos2d/Platforms/iOS/CCTouchDelegateProtocol.h; sourceTree = "<group>"; };
		35E87BC513633F6600E67586 /* CCTouchDispatcher.h */ = {isa = PBXFileReference; lastKnownFileType = sourcecode.c.h; name = CCTouchDispatcher.h; path = libs/cocos2d/Platforms/iOS/CCTouchDispatcher.h; sourceTree = "<group>"; };
		35E87BC613633F6600E67586 /* CCTouchDispatcher.m */ = {isa = PBXFileReference; lastKnownFileType = sourcecode.c.objc; name = CCTouchDispatcher.m; path = libs/cocos2d/Platforms/iOS/CCTouchDispatcher.m; sourceTree = "<group>"; };
		35E87BC813633F6600E67586 /* CCTouchHandler.h */ = {isa = PBXFileReference; lastKnownFileType = sourcecode.c.h; name = CCTouchHandler.h; path = libs/cocos2d/Platforms/iOS/CCTouchHandler.h; sourceTree = "<group>"; };
		35E87BC913633F6600E67586 /* CCTouchHandler.m */ = {isa = PBXFileReference; lastKnownFileType = sourcecode.c.objc; name = CCTouchHandler.m; path = libs/cocos2d/Platforms/iOS/CCTouchHandler.m; sourceTree = "<group>"; };
		35E87BCB13633F6600E67586 /* EAGLView.h */ = {isa = PBXFileReference; lastKnownFileType = sourcecode.c.h; name = EAGLView.h; path = libs/cocos2d/Platforms/iOS/EAGLView.h; sourceTree = "<group>"; };
		35E87BCC13633F6600E67586 /* EAGLView.m */ = {isa = PBXFileReference; lastKnownFileType = sourcecode.c.objc; name = EAGLView.m; path = libs/cocos2d/Platforms/iOS/EAGLView.m; sourceTree = "<group>"; };
		35E87BCE13633F6600E67586 /* ES1Renderer.h */ = {isa = PBXFileReference; lastKnownFileType = sourcecode.c.h; name = ES1Renderer.h; path = libs/cocos2d/Platforms/iOS/ES1Renderer.h; sourceTree = "<group>"; };
		35E87BCF13633F6600E67586 /* ES1Renderer.m */ = {isa = PBXFileReference; lastKnownFileType = sourcecode.c.objc; name = ES1Renderer.m; path = libs/cocos2d/Platforms/iOS/ES1Renderer.m; sourceTree = "<group>"; };
		35E87BD113633F6600E67586 /* ESRenderer.h */ = {isa = PBXFileReference; lastKnownFileType = sourcecode.c.h; name = ESRenderer.h; path = libs/cocos2d/Platforms/iOS/ESRenderer.h; sourceTree = "<group>"; };
		35E87BD213633F6600E67586 /* glu.c */ = {isa = PBXFileReference; lastKnownFileType = sourcecode.c.c; name = glu.c; path = libs/cocos2d/Platforms/iOS/glu.c; sourceTree = "<group>"; };
		35E87BD413633F6600E67586 /* glu.h */ = {isa = PBXFileReference; lastKnownFileType = sourcecode.c.h; name = glu.h; path = libs/cocos2d/Platforms/iOS/glu.h; sourceTree = "<group>"; };
		35E87BD513633F6700E67586 /* CCDirectorMac.h */ = {isa = PBXFileReference; lastKnownFileType = sourcecode.c.h; name = CCDirectorMac.h; path = libs/cocos2d/Platforms/Mac/CCDirectorMac.h; sourceTree = "<group>"; };
		35E87BD613633F6700E67586 /* CCDirectorMac.m */ = {isa = PBXFileReference; lastKnownFileType = sourcecode.c.objc; name = CCDirectorMac.m; path = libs/cocos2d/Platforms/Mac/CCDirectorMac.m; sourceTree = "<group>"; };
		35E87BD813633F6700E67586 /* CCEventDispatcher.h */ = {isa = PBXFileReference; lastKnownFileType = sourcecode.c.h; name = CCEventDispatcher.h; path = libs/cocos2d/Platforms/Mac/CCEventDispatcher.h; sourceTree = "<group>"; };
		35E87BD913633F6700E67586 /* CCEventDispatcher.m */ = {isa = PBXFileReference; lastKnownFileType = sourcecode.c.objc; name = CCEventDispatcher.m; path = libs/cocos2d/Platforms/Mac/CCEventDispatcher.m; sourceTree = "<group>"; };
		35E87BDB13633F6700E67586 /* MacGLView.h */ = {isa = PBXFileReference; lastKnownFileType = sourcecode.c.h; name = MacGLView.h; path = libs/cocos2d/Platforms/Mac/MacGLView.h; sourceTree = "<group>"; };
		35E87BDC13633F6700E67586 /* MacGLView.m */ = {isa = PBXFileReference; lastKnownFileType = sourcecode.c.objc; name = MacGLView.m; path = libs/cocos2d/Platforms/Mac/MacGLView.m; sourceTree = "<group>"; };
		35E87BDE13633F6700E67586 /* MacWindow.h */ = {isa = PBXFileReference; lastKnownFileType = sourcecode.c.h; name = MacWindow.h; path = libs/cocos2d/Platforms/Mac/MacWindow.h; sourceTree = "<group>"; };
		35E87BDF13633F6700E67586 /* MacWindow.m */ = {isa = PBXFileReference; lastKnownFileType = sourcecode.c.objc; name = MacWindow.m; path = libs/cocos2d/Platforms/Mac/MacWindow.m; sourceTree = "<group>"; };
		35E87BE113633F6700E67586 /* base64.c */ = {isa = PBXFileReference; lastKnownFileType = sourcecode.c.c; name = base64.c; path = libs/cocos2d/Support/base64.c; sourceTree = "<group>"; };
		35E87BE313633F6700E67586 /* base64.h */ = {isa = PBXFileReference; lastKnownFileType = sourcecode.c.h; name = base64.h; path = libs/cocos2d/Support/base64.h; sourceTree = "<group>"; };
		35E87BE413633F6700E67586 /* CCArray.h */ = {isa = PBXFileReference; lastKnownFileType = sourcecode.c.h; name = CCArray.h; path = libs/cocos2d/Support/CCArray.h; sourceTree = "<group>"; };
		35E87BE513633F6700E67586 /* CCArray.m */ = {isa = PBXFileReference; lastKnownFileType = sourcecode.c.objc; name = CCArray.m; path = libs/cocos2d/Support/CCArray.m; sourceTree = "<group>"; };
		35E87BE713633F6700E67586 /* ccCArray.h */ = {isa = PBXFileReference; lastKnownFileType = sourcecode.c.h; name = ccCArray.h; path = libs/cocos2d/Support/ccCArray.h; sourceTree = "<group>"; };
		35E87BE813633F6700E67586 /* CCFileUtils.h */ = {isa = PBXFileReference; lastKnownFileType = sourcecode.c.h; name = CCFileUtils.h; path = libs/cocos2d/Support/CCFileUtils.h; sourceTree = "<group>"; };
		35E87BE913633F6700E67586 /* CCFileUtils.m */ = {isa = PBXFileReference; lastKnownFileType = sourcecode.c.objc; name = CCFileUtils.m; path = libs/cocos2d/Support/CCFileUtils.m; sourceTree = "<group>"; };
		35E87BEB13633F6700E67586 /* CCProfiling.h */ = {isa = PBXFileReference; lastKnownFileType = sourcecode.c.h; name = CCProfiling.h; path = libs/cocos2d/Support/CCProfiling.h; sourceTree = "<group>"; };
		35E87BEC13633F6700E67586 /* CCProfiling.m */ = {isa = PBXFileReference; lastKnownFileType = sourcecode.c.objc; name = CCProfiling.m; path = libs/cocos2d/Support/CCProfiling.m; sourceTree = "<group>"; };
		35E87BEE13633F6700E67586 /* ccUtils.c */ = {isa = PBXFileReference; lastKnownFileType = sourcecode.c.c; name = ccUtils.c; path = libs/cocos2d/Support/ccUtils.c; sourceTree = "<group>"; };
		35E87BF013633F6700E67586 /* ccUtils.h */ = {isa = PBXFileReference; lastKnownFileType = sourcecode.c.h; name = ccUtils.h; path = libs/cocos2d/Support/ccUtils.h; sourceTree = "<group>"; };
		35E87BF113633F6700E67586 /* CGPointExtension.h */ = {isa = PBXFileReference; lastKnownFileType = sourcecode.c.h; name = CGPointExtension.h; path = libs/cocos2d/Support/CGPointExtension.h; sourceTree = "<group>"; };
		35E87BF213633F6700E67586 /* CGPointExtension.m */ = {isa = PBXFileReference; lastKnownFileType = sourcecode.c.objc; name = CGPointExtension.m; path = libs/cocos2d/Support/CGPointExtension.m; sourceTree = "<group>"; };
		35E87BF413633F6700E67586 /* OpenGL_Internal.h */ = {isa = PBXFileReference; lastKnownFileType = sourcecode.c.h; name = OpenGL_Internal.h; path = libs/cocos2d/Support/OpenGL_Internal.h; sourceTree = "<group>"; };
		35E87BF513633F6700E67586 /* TGAlib.h */ = {isa = PBXFileReference; lastKnownFileType = sourcecode.c.h; name = TGAlib.h; path = libs/cocos2d/Support/TGAlib.h; sourceTree = "<group>"; };
		35E87BF613633F6700E67586 /* TGAlib.m */ = {isa = PBXFileReference; lastKnownFileType = sourcecode.c.objc; name = TGAlib.m; path = libs/cocos2d/Support/TGAlib.m; sourceTree = "<group>"; };
		35E87BF813633F6700E67586 /* TransformUtils.h */ = {isa = PBXFileReference; lastKnownFileType = sourcecode.c.h; name = TransformUtils.h; path = libs/cocos2d/Support/TransformUtils.h; sourceTree = "<group>"; };
		35E87BF913633F6700E67586 /* TransformUtils.m */ = {isa = PBXFileReference; lastKnownFileType = sourcecode.c.objc; name = TransformUtils.m; path = libs/cocos2d/Support/TransformUtils.m; sourceTree = "<group>"; };
		35E87BFB13633F6700E67586 /* uthash.h */ = {isa = PBXFileReference; lastKnownFileType = sourcecode.c.h; name = uthash.h; path = libs/cocos2d/Support/uthash.h; sourceTree = "<group>"; };
		35E87BFC13633F6700E67586 /* utlist.h */ = {isa = PBXFileReference; lastKnownFileType = sourcecode.c.h; name = utlist.h; path = libs/cocos2d/Support/utlist.h; sourceTree = "<group>"; };
		35E87BFD13633F6700E67586 /* ZipUtils.h */ = {isa = PBXFileReference; lastKnownFileType = sourcecode.c.h; name = ZipUtils.h; path = libs/cocos2d/Support/ZipUtils.h; sourceTree = "<group>"; };
		35E87BFE13633F6700E67586 /* ZipUtils.m */ = {isa = PBXFileReference; lastKnownFileType = sourcecode.c.objc; name = ZipUtils.m; path = libs/cocos2d/Support/ZipUtils.m; sourceTree = "<group>"; };
		35E87C0013633F6700E67586 /* LICENSE_cocos2d.txt */ = {isa = PBXFileReference; lastKnownFileType = text; name = LICENSE_cocos2d.txt; path = libs/LICENSE_cocos2d.txt; sourceTree = "<group>"; };
		35E87C0213633F6700E67586 /* CDAudioManager.h */ = {isa = PBXFileReference; lastKnownFileType = sourcecode.c.h; name = CDAudioManager.h; path = libs/CocosDenshion/CDAudioManager.h; sourceTree = "<group>"; };
		35E87C0313633F6700E67586 /* CDAudioManager.m */ = {isa = PBXFileReference; lastKnownFileType = sourcecode.c.objc; name = CDAudioManager.m; path = libs/CocosDenshion/CDAudioManager.m; sourceTree = "<group>"; };
		35E87C0513633F6700E67586 /* CDConfig.h */ = {isa = PBXFileReference; lastKnownFileType = sourcecode.c.h; name = CDConfig.h; path = libs/CocosDenshion/CDConfig.h; sourceTree = "<group>"; };
		35E87C0613633F6700E67586 /* CDOpenALSupport.h */ = {isa = PBXFileReference; lastKnownFileType = sourcecode.c.h; name = CDOpenALSupport.h; path = libs/CocosDenshion/CDOpenALSupport.h; sourceTree = "<group>"; };
		35E87C0713633F6700E67586 /* CDOpenALSupport.m */ = {isa = PBXFileReference; lastKnownFileType = sourcecode.c.objc; name = CDOpenALSupport.m; path = libs/CocosDenshion/CDOpenALSupport.m; sourceTree = "<group>"; };
		35E87C0913633F6700E67586 /* CocosDenshion.h */ = {isa = PBXFileReference; lastKnownFileType = sourcecode.c.h; name = CocosDenshion.h; path = libs/CocosDenshion/CocosDenshion.h; sourceTree = "<group>"; };
		35E87C0A13633F6700E67586 /* CocosDenshion.m */ = {isa = PBXFileReference; lastKnownFileType = sourcecode.c.objc; name = CocosDenshion.m; path = libs/CocosDenshion/CocosDenshion.m; sourceTree = "<group>"; };
		35E87C0C13633F6700E67586 /* SimpleAudioEngine.h */ = {isa = PBXFileReference; lastKnownFileType = sourcecode.c.h; name = SimpleAudioEngine.h; path = libs/CocosDenshion/SimpleAudioEngine.h; sourceTree = "<group>"; };
		35E87C0D13633F6700E67586 /* SimpleAudioEngine.m */ = {isa = PBXFileReference; lastKnownFileType = sourcecode.c.objc; name = SimpleAudioEngine.m; path = libs/CocosDenshion/SimpleAudioEngine.m; sourceTree = "<group>"; };
		35E87C0F13633F6700E67586 /* LICENSE_CocosDenshion.txt */ = {isa = PBXFileReference; lastKnownFileType = text; name = LICENSE_CocosDenshion.txt; path = libs/LICENSE_CocosDenshion.txt; sourceTree = "<group>"; };
		35E87C1113633F6700E67586 /* CLScoreServerPost.h */ = {isa = PBXFileReference; lastKnownFileType = sourcecode.c.h; name = CLScoreServerPost.h; path = libs/cocoslive/CLScoreServerPost.h; sourceTree = "<group>"; };
		35E87C1213633F6700E67586 /* CLScoreServerPost.m */ = {isa = PBXFileReference; lastKnownFileType = sourcecode.c.objc; name = CLScoreServerPost.m; path = libs/cocoslive/CLScoreServerPost.m; sourceTree = "<group>"; };
		35E87C1413633F6700E67586 /* CLScoreServerRequest.h */ = {isa = PBXFileReference; lastKnownFileType = sourcecode.c.h; name = CLScoreServerRequest.h; path = libs/cocoslive/CLScoreServerRequest.h; sourceTree = "<group>"; };
		35E87C1513633F6700E67586 /* CLScoreServerRequest.m */ = {isa = PBXFileReference; lastKnownFileType = sourcecode.c.objc; name = CLScoreServerRequest.m; path = libs/cocoslive/CLScoreServerRequest.m; sourceTree = "<group>"; };
		35E87C1713633F6700E67586 /* cocoslive.h */ = {isa = PBXFileReference; lastKnownFileType = sourcecode.c.h; name = cocoslive.h; path = libs/cocoslive/cocoslive.h; sourceTree = "<group>"; };
		35E87C1813633F6700E67586 /* cocoslive.m */ = {isa = PBXFileReference; lastKnownFileType = sourcecode.c.objc; name = cocoslive.m; path = libs/cocoslive/cocoslive.m; sourceTree = "<group>"; };
		35E87C1A13633F6700E67586 /* LICENSE_TouchJSON.txt */ = {isa = PBXFileReference; lastKnownFileType = text; name = LICENSE_TouchJSON.txt; path = libs/LICENSE_TouchJSON.txt; sourceTree = "<group>"; };
		35E87C1C13633F6700E67586 /* CDataScanner.h */ = {isa = PBXFileReference; lastKnownFileType = sourcecode.c.h; name = CDataScanner.h; path = libs/TouchJSON/CDataScanner.h; sourceTree = "<group>"; };
		35E87C1D13633F6700E67586 /* CDataScanner.m */ = {isa = PBXFileReference; lastKnownFileType = sourcecode.c.objc; name = CDataScanner.m; path = libs/TouchJSON/CDataScanner.m; sourceTree = "<group>"; };
		35E87C1F13633F6700E67586 /* CDataScanner_Extensions.h */ = {isa = PBXFileReference; lastKnownFileType = sourcecode.c.h; name = CDataScanner_Extensions.h; path = libs/TouchJSON/Extensions/CDataScanner_Extensions.h; sourceTree = "<group>"; };
		35E87C2013633F6700E67586 /* CDataScanner_Extensions.m */ = {isa = PBXFileReference; lastKnownFileType = sourcecode.c.objc; name = CDataScanner_Extensions.m; path = libs/TouchJSON/Extensions/CDataScanner_Extensions.m; sourceTree = "<group>"; };
		35E87C2213633F6800E67586 /* NSDictionary_JSONExtensions.h */ = {isa = PBXFileReference; lastKnownFileType = sourcecode.c.h; name = NSDictionary_JSONExtensions.h; path = libs/TouchJSON/Extensions/NSDictionary_JSONExtensions.h; sourceTree = "<group>"; };
		35E87C2313633F6800E67586 /* NSDictionary_JSONExtensions.m */ = {isa = PBXFileReference; lastKnownFileType = sourcecode.c.objc; name = NSDictionary_JSONExtensions.m; path = libs/TouchJSON/Extensions/NSDictionary_JSONExtensions.m; sourceTree = "<group>"; };
		35E87C2513633F6800E67586 /* CJSONDeserializer.h */ = {isa = PBXFileReference; lastKnownFileType = sourcecode.c.h; name = CJSONDeserializer.h; path = libs/TouchJSON/JSON/CJSONDeserializer.h; sourceTree = "<group>"; };
		35E87C2613633F6800E67586 /* CJSONDeserializer.m */ = {isa = PBXFileReference; lastKnownFileType = sourcecode.c.objc; name = CJSONDeserializer.m; path = libs/TouchJSON/JSON/CJSONDeserializer.m; sourceTree = "<group>"; };
		35E87C2813633F6800E67586 /* CJSONScanner.h */ = {isa = PBXFileReference; lastKnownFileType = sourcecode.c.h; name = CJSONScanner.h; path = libs/TouchJSON/JSON/CJSONScanner.h; sourceTree = "<group>"; };
		35E87C2913633F6800E67586 /* CJSONScanner.m */ = {isa = PBXFileReference; lastKnownFileType = sourcecode.c.objc; name = CJSONScanner.m; path = libs/TouchJSON/JSON/CJSONScanner.m; sourceTree = "<group>"; };
		35E87C2B13633F6800E67586 /* CJSONSerializer.h */ = {isa = PBXFileReference; lastKnownFileType = sourcecode.c.h; name = CJSONSerializer.h; path = libs/TouchJSON/JSON/CJSONSerializer.h; sourceTree = "<group>"; };
		35E87C2C13633F6800E67586 /* CJSONSerializer.m */ = {isa = PBXFileReference; lastKnownFileType = sourcecode.c.objc; name = CJSONSerializer.m; path = libs/TouchJSON/JSON/CJSONSerializer.m; sourceTree = "<group>"; };
		35E87C2E13633F6800E67586 /* JSONRepresentation.h */ = {isa = PBXFileReference; lastKnownFileType = sourcecode.c.h; name = JSONRepresentation.h; path = libs/TouchJSON/JSON/JSONRepresentation.h; sourceTree = "<group>"; };
		35E87C3013633F6800E67586 /* FontLabel.h */ = {isa = PBXFileReference; lastKnownFileType = sourcecode.c.h; name = FontLabel.h; path = libs/FontLabel/FontLabel.h; sourceTree = "<group>"; };
		35E87C3113633F6800E67586 /* FontLabel.m */ = {isa = PBXFileReference; lastKnownFileType = sourcecode.c.objc; name = FontLabel.m; path = libs/FontLabel/FontLabel.m; sourceTree = "<group>"; };
		35E87C3313633F6800E67586 /* FontLabelStringDrawing.h */ = {isa = PBXFileReference; lastKnownFileType = sourcecode.c.h; name = FontLabelStringDrawing.h; path = libs/FontLabel/FontLabelStringDrawing.h; sourceTree = "<group>"; };
		35E87C3413633F6800E67586 /* FontLabelStringDrawing.m */ = {isa = PBXFileReference; lastKnownFileType = sourcecode.c.objc; name = FontLabelStringDrawing.m; path = libs/FontLabel/FontLabelStringDrawing.m; sourceTree = "<group>"; };
		35E87C3613633F6800E67586 /* FontManager.h */ = {isa = PBXFileReference; lastKnownFileType = sourcecode.c.h; name = FontManager.h; path = libs/FontLabel/FontManager.h; sourceTree = "<group>"; };
		35E87C3713633F6800E67586 /* FontManager.m */ = {isa = PBXFileReference; lastKnownFileType = sourcecode.c.objc; name = FontManager.m; path = libs/FontLabel/FontManager.m; sourceTree = "<group>"; };
		35E87C3913633F6800E67586 /* ZAttributedString.h */ = {isa = PBXFileReference; lastKnownFileType = sourcecode.c.h; name = ZAttributedString.h; path = libs/FontLabel/ZAttributedString.h; sourceTree = "<group>"; };
		35E87C3A13633F6800E67586 /* ZAttributedString.m */ = {isa = PBXFileReference; lastKnownFileType = sourcecode.c.objc; name = ZAttributedString.m; path = libs/FontLabel/ZAttributedString.m; sourceTree = "<group>"; };
		35E87C3C13633F6800E67586 /* ZAttributedStringPrivate.h */ = {isa = PBXFileReference; lastKnownFileType = sourcecode.c.h; name = ZAttributedStringPrivate.h; path = libs/FontLabel/ZAttributedStringPrivate.h; sourceTree = "<group>"; };
		35E87C3D13633F6800E67586 /* ZFont.h */ = {isa = PBXFileReference; lastKnownFileType = sourcecode.c.h; name = ZFont.h; path = libs/FontLabel/ZFont.h; sourceTree = "<group>"; };
		35E87C3E13633F6800E67586 /* ZFont.m */ = {isa = PBXFileReference; lastKnownFileType = sourcecode.c.objc; name = ZFont.m; path = libs/FontLabel/ZFont.m; sourceTree = "<group>"; };
		35E87C4013633F6800E67586 /* LICENSE_FontLabel.txt */ = {isa = PBXFileReference; lastKnownFileType = text; name = LICENSE_FontLabel.txt; path = libs/LICENSE_FontLabel.txt; sourceTree = "<group>"; };
		35E87C4213633F6800E67586 /* Prefix.pch */ = {isa = PBXFileReference; lastKnownFileType = sourcecode.c.h; path = Prefix.pch; sourceTree = "<group>"; };
		35E87C4313633F6800E67586 /* main.m */ = {isa = PBXFileReference; lastKnownFileType = sourcecode.c.objc; path = main.m; sourceTree = "<group>"; };
		35E87C4513633F6800E67586 /* AppDelegate.h */ = {isa = PBXFileReference; lastKnownFileType = sourcecode.c.h; path = AppDelegate.h; sourceTree = "<group>"; };
		35E87C4613633F6800E67586 /* AppDelegate.m */ = {isa = PBXFileReference; lastKnownFileType = sourcecode.c.objc; path = AppDelegate.m; sourceTree = "<group>"; };
		35E87C4813633F6800E67586 /* RootViewController.h */ = {isa = PBXFileReference; lastKnownFileType = sourcecode.c.h; path = RootViewController.h; sourceTree = "<group>"; };
		35E87C4913633F6800E67586 /* RootViewController.m */ = {isa = PBXFileReference; lastKnownFileType = sourcecode.c.objc; path = RootViewController.m; sourceTree = "<group>"; };
		35E87C4B13633F6800E67586 /* HelloWorldLayer.h */ = {isa = PBXFileReference; lastKnownFileType = sourcecode.c.h; path = HelloWorldLayer.h; sourceTree = "<group>"; };
		35E87C4C13633F6800E67586 /* HelloWorldLayer.m */ = {isa = PBXFileReference; lastKnownFileType = sourcecode.c.objc; path = HelloWorldLayer.m; sourceTree = "<group>"; };
		35E87C4E13633F6800E67586 /* GameConfig.h */ = {isa = PBXFileReference; lastKnownFileType = sourcecode.c.h; path = GameConfig.h; sourceTree = "<group>"; };
		35E87C5513633FC100E67586 /* bg.png */ = {isa = PBXFileReference; lastKnownFileType = image.png; path = bg.png; sourceTree = "<group>"; };
		35E87C5713633FC100E67586 /* Arial-hd.fnt */ = {isa = PBXFileReference; fileEncoding = 4; lastKnownFileType = text; path = "Arial-hd.fnt"; sourceTree = "<group>"; };
		35E87C5813633FC100E67586 /* Arial-hd.png */ = {isa = PBXFileReference; lastKnownFileType = image.png; path = "Arial-hd.png"; sourceTree = "<group>"; };
		35E87C5913633FC100E67586 /* Arial.fnt */ = {isa = PBXFileReference; fileEncoding = 4; lastKnownFileType = text; path = Arial.fnt; sourceTree = "<group>"; };
		35E87C5A13633FC100E67586 /* Arial.png */ = {isa = PBXFileReference; lastKnownFileType = image.png; path = Arial.png; sourceTree = "<group>"; };
		35E87C5C13633FC100E67586 /* CatSmash-hd.plist */ = {isa = PBXFileReference; fileEncoding = 4; lastKnownFileType = text.plist.xml; path = "CatSmash-hd.plist"; sourceTree = "<group>"; };
		35E87C5D13633FC100E67586 /* CatSmash-hd.png */ = {isa = PBXFileReference; lastKnownFileType = image.png; path = "CatSmash-hd.png"; sourceTree = "<group>"; };
		35E87C5E13633FC100E67586 /* CatSmash.plist */ = {isa = PBXFileReference; fileEncoding = 4; lastKnownFileType = text.plist.xml; path = CatSmash.plist; sourceTree = "<group>"; };
		35E87C5F13633FC100E67586 /* CatSmash.png */ = {isa = PBXFileReference; lastKnownFileType = image.png; path = CatSmash.png; sourceTree = "<group>"; };
		35E87C691363408F00E67586 /* PlayerSprite.h */ = {isa = PBXFileReference; fileEncoding = 4; lastKnownFileType = sourcecode.c.h; path = PlayerSprite.h; sourceTree = "<group>"; };
		35E87C6A1363408F00E67586 /* PlayerSprite.m */ = {isa = PBXFileReference; fileEncoding = 4; lastKnownFileType = sourcecode.c.objc; path = PlayerSprite.m; sourceTree = "<group>"; };
		35E87C741363597E00E67586 /* GCHelper.h */ = {isa = PBXFileReference; fileEncoding = 4; lastKnownFileType = sourcecode.c.h; path = GCHelper.h; sourceTree = "<group>"; };
		35E87C751363597E00E67586 /* GCHelper.m */ = {isa = PBXFileReference; fileEncoding = 4; lastKnownFileType = sourcecode.c.objc; path = GCHelper.m; sourceTree = "<group>"; };
		35E87C7813635B6900E67586 /* GameKit.framework */ = {isa = PBXFileReference; lastKnownFileType = wrapper.framework; name = GameKit.framework; path = System/Library/Frameworks/GameKit.framework; sourceTree = SDKROOT; };
		35E87C821363715400E67586 /* GKMatchmakerViewController-LandscapeOnly.h */ = {isa = PBXFileReference; fileEncoding = 4; lastKnownFileType = sourcecode.c.h; path = "GKMatchmakerViewController-LandscapeOnly.h"; sourceTree = "<group>"; };
		35E87C831363715400E67586 /* GKMatchmakerViewController-LandscapeOnly.m */ = {isa = PBXFileReference; fileEncoding = 4; lastKnownFileType = sourcecode.c.objc; path = "GKMatchmakerViewController-LandscapeOnly.m"; sourceTree = "<group>"; };
/* End PBXFileReference section */

/* Begin PBXFrameworksBuildPhase section */
		35E87AE313633F6300E67586 /* Frameworks */ = {
			isa = PBXFrameworksBuildPhase;
			buildActionMask = 2147483647;
			files = (
				35E87C7913635B6900E67586 /* GameKit.framework in Frameworks */,
				35E87AEB13633F6300E67586 /* QuartzCore.framework in Frameworks */,
				35E87AED13633F6300E67586 /* OpenGLES.framework in Frameworks */,
				35E87AEF13633F6300E67586 /* OpenAL.framework in Frameworks */,
				35E87AF113633F6300E67586 /* AudioToolbox.framework in Frameworks */,
				35E87AF313633F6300E67586 /* AVFoundation.framework in Frameworks */,
				35E87AF513633F6300E67586 /* UIKit.framework in Frameworks */,
				35E87AF713633F6300E67586 /* Foundation.framework in Frameworks */,
				35E87AF913633F6300E67586 /* CoreGraphics.framework in Frameworks */,
			);
			runOnlyForDeploymentPostprocessing = 0;
		};
/* End PBXFrameworksBuildPhase section */

/* Begin PBXGroup section */
		35E87ADB13633F6300E67586 = {
			isa = PBXGroup;
			children = (
				35E87C7813635B6900E67586 /* GameKit.framework */,
				35E87AFA13633F6300E67586 /* CatRace */,
				35E87AE913633F6300E67586 /* Frameworks */,
				35E87AE713633F6300E67586 /* Products */,
			);
			sourceTree = "<group>";
		};
		35E87AE713633F6300E67586 /* Products */ = {
			isa = PBXGroup;
			children = (
				35E87AE613633F6300E67586 /* CatRace.app */,
			);
			name = Products;
			sourceTree = "<group>";
		};
		35E87AE913633F6300E67586 /* Frameworks */ = {
			isa = PBXGroup;
			children = (
				35E87AEA13633F6300E67586 /* QuartzCore.framework */,
				35E87AEC13633F6300E67586 /* OpenGLES.framework */,
				35E87AEE13633F6300E67586 /* OpenAL.framework */,
				35E87AF013633F6300E67586 /* AudioToolbox.framework */,
				35E87AF213633F6300E67586 /* AVFoundation.framework */,
				35E87AF413633F6300E67586 /* UIKit.framework */,
				35E87AF613633F6300E67586 /* Foundation.framework */,
				35E87AF813633F6300E67586 /* CoreGraphics.framework */,
			);
			name = Frameworks;
			sourceTree = "<group>";
		};
		35E87AFA13633F6300E67586 /* CatRace */ = {
			isa = PBXGroup;
			children = (
				35E87C5413633FC100E67586 /* Backgrounds */,
				35E87C5613633FC100E67586 /* Fonts */,
				35E87C5B13633FC100E67586 /* Sprite Sheets */,
				35E87C0013633F6700E67586 /* LICENSE_cocos2d.txt */,
				35E87C0F13633F6700E67586 /* LICENSE_CocosDenshion.txt */,
				35E87C1A13633F6700E67586 /* LICENSE_TouchJSON.txt */,
				35E87C4013633F6800E67586 /* LICENSE_FontLabel.txt */,
				35E87C4513633F6800E67586 /* AppDelegate.h */,
				35E87C4613633F6800E67586 /* AppDelegate.m */,
				35E87C4813633F6800E67586 /* RootViewController.h */,
				35E87C4913633F6800E67586 /* RootViewController.m */,
				35E87C4B13633F6800E67586 /* HelloWorldLayer.h */,
				35E87C4C13633F6800E67586 /* HelloWorldLayer.m */,
				35E87C691363408F00E67586 /* PlayerSprite.h */,
				35E87C6A1363408F00E67586 /* PlayerSprite.m */,
				35E87C4E13633F6800E67586 /* GameConfig.h */,
				35E87C741363597E00E67586 /* GCHelper.h */,
				35E87C751363597E00E67586 /* GCHelper.m */,
				35E87C821363715400E67586 /* GKMatchmakerViewController-LandscapeOnly.h */,
				35E87C831363715400E67586 /* GKMatchmakerViewController-LandscapeOnly.m */,
				35E87AFB13633F6300E67586 /* Resources */,
				35E87B0F13633F6400E67586 /* cocos2d */,
				35E87C0113633F6700E67586 /* CocosDenshion */,
				35E87C1013633F6700E67586 /* cocoslive */,
				35E87C1B13633F6700E67586 /* TouchJSON */,
				35E87C2F13633F6800E67586 /* FontLabel */,
				35E87C4113633F6800E67586 /* Supporting Files */,
			);
			path = CatRace;
			sourceTree = "<group>";
		};
		35E87AFB13633F6300E67586 /* Resources */ = {
			isa = PBXGroup;
			children = (
				35E87AFC13633F6300E67586 /* Default.png */,
				35E87AFE13633F6300E67586 /* fps_images.png */,
				35E87B0013633F6300E67586 /* Icon-72.png */,
				35E87B0213633F6300E67586 /* Icon-Small-50.png */,
				35E87B0413633F6300E67586 /* Icon-Small.png */,
				35E87B0613633F6300E67586 /* Icon-Small@2x.png */,
				35E87B0813633F6300E67586 /* Icon.png */,
				35E87B0A13633F6300E67586 /* Icon@2x.png */,
				35E87B0C13633F6400E67586 /* Info.plist */,
				35E87B0D13633F6400E67586 /* iTunesArtwork */,
			);
			name = Resources;
			sourceTree = "<group>";
		};
		35E87B0F13633F6400E67586 /* cocos2d */ = {
			isa = PBXGroup;
			children = (
				35E87B1013633F6400E67586 /* CCAction.h */,
				35E87B1113633F6400E67586 /* CCAction.m */,
				35E87B1313633F6400E67586 /* CCActionCamera.h */,
				35E87B1413633F6400E67586 /* CCActionCamera.m */,
				35E87B1613633F6400E67586 /* CCActionEase.h */,
				35E87B1713633F6400E67586 /* CCActionEase.m */,
				35E87B1913633F6400E67586 /* CCActionGrid.h */,
				35E87B1A13633F6400E67586 /* CCActionGrid.m */,
				35E87B1C13633F6400E67586 /* CCActionGrid3D.h */,
				35E87B1D13633F6400E67586 /* CCActionGrid3D.m */,
				35E87B1F13633F6400E67586 /* CCActionInstant.h */,
				35E87B2013633F6400E67586 /* CCActionInstant.m */,
				35E87B2213633F6400E67586 /* CCActionInterval.h */,
				35E87B2313633F6400E67586 /* CCActionInterval.m */,
				35E87B2513633F6400E67586 /* CCActionManager.h */,
				35E87B2613633F6400E67586 /* CCActionManager.m */,
				35E87B2813633F6400E67586 /* CCActionPageTurn3D.h */,
				35E87B2913633F6400E67586 /* CCActionPageTurn3D.m */,
				35E87B2B13633F6400E67586 /* CCActionProgressTimer.h */,
				35E87B2C13633F6400E67586 /* CCActionProgressTimer.m */,
				35E87B2E13633F6400E67586 /* CCActionTiledGrid.h */,
				35E87B2F13633F6400E67586 /* CCActionTiledGrid.m */,
				35E87B3113633F6400E67586 /* CCActionTween.h */,
				35E87B3213633F6400E67586 /* CCActionTween.m */,
				35E87B3413633F6400E67586 /* CCAnimation.h */,
				35E87B3513633F6400E67586 /* CCAnimation.m */,
				35E87B3713633F6400E67586 /* CCAnimationCache.h */,
				35E87B3813633F6400E67586 /* CCAnimationCache.m */,
				35E87B3A13633F6400E67586 /* CCAtlasNode.h */,
				35E87B3B13633F6400E67586 /* CCAtlasNode.m */,
				35E87B3D13633F6400E67586 /* CCBlockSupport.h */,
				35E87B3E13633F6400E67586 /* CCBlockSupport.m */,
				35E87B4013633F6400E67586 /* CCCamera.h */,
				35E87B4113633F6400E67586 /* CCCamera.m */,
				35E87B4313633F6400E67586 /* ccConfig.h */,
				35E87B4413633F6400E67586 /* CCConfiguration.h */,
				35E87B4513633F6400E67586 /* CCConfiguration.m */,
				35E87B4713633F6400E67586 /* CCDirector.h */,
				35E87B4813633F6500E67586 /* CCDirector.m */,
				35E87B4A13633F6500E67586 /* CCDrawingPrimitives.h */,
				35E87B4B13633F6500E67586 /* CCDrawingPrimitives.m */,
				35E87B4D13633F6500E67586 /* CCGrabber.h */,
				35E87B4E13633F6500E67586 /* CCGrabber.m */,
				35E87B5013633F6500E67586 /* CCGrid.h */,
				35E87B5113633F6500E67586 /* CCGrid.m */,
				35E87B5313633F6500E67586 /* CCLabelAtlas.h */,
				35E87B5413633F6500E67586 /* CCLabelAtlas.m */,
				35E87B5613633F6500E67586 /* CCLabelBMFont.h */,
				35E87B5713633F6500E67586 /* CCLabelBMFont.m */,
				35E87B5913633F6500E67586 /* CCLabelTTF.h */,
				35E87B5A13633F6500E67586 /* CCLabelTTF.m */,
				35E87B5C13633F6500E67586 /* CCLayer.h */,
				35E87B5D13633F6500E67586 /* CCLayer.m */,
				35E87B5F13633F6500E67586 /* ccMacros.h */,
				35E87B6013633F6500E67586 /* CCMenu.h */,
				35E87B6113633F6500E67586 /* CCMenu.m */,
				35E87B6313633F6500E67586 /* CCMenuItem.h */,
				35E87B6413633F6500E67586 /* CCMenuItem.m */,
				35E87B6613633F6500E67586 /* CCMotionStreak.h */,
				35E87B6713633F6500E67586 /* CCMotionStreak.m */,
				35E87B6913633F6500E67586 /* CCNode.h */,
				35E87B6A13633F6500E67586 /* CCNode.m */,
				35E87B6C13633F6500E67586 /* CCParallaxNode.h */,
				35E87B6D13633F6500E67586 /* CCParallaxNode.m */,
				35E87B6F13633F6500E67586 /* CCParticleExamples.h */,
				35E87B7013633F6500E67586 /* CCParticleExamples.m */,
				35E87B7213633F6500E67586 /* CCParticleSystem.h */,
				35E87B7313633F6500E67586 /* CCParticleSystem.m */,
				35E87B7513633F6500E67586 /* CCParticleSystemPoint.h */,
				35E87B7613633F6500E67586 /* CCParticleSystemPoint.m */,
				35E87B7813633F6500E67586 /* CCParticleSystemQuad.h */,
				35E87B7913633F6500E67586 /* CCParticleSystemQuad.m */,
				35E87B7B13633F6500E67586 /* CCProgressTimer.h */,
				35E87B7C13633F6500E67586 /* CCProgressTimer.m */,
				35E87B7E13633F6500E67586 /* CCProtocols.h */,
				35E87B7F13633F6500E67586 /* CCRenderTexture.h */,
				35E87B8013633F6500E67586 /* CCRenderTexture.m */,
				35E87B8213633F6500E67586 /* CCRibbon.h */,
				35E87B8313633F6500E67586 /* CCRibbon.m */,
				35E87B8513633F6500E67586 /* CCScene.h */,
				35E87B8613633F6500E67586 /* CCScene.m */,
				35E87B8813633F6500E67586 /* CCScheduler.h */,
				35E87B8913633F6500E67586 /* CCScheduler.m */,
				35E87B8B13633F6500E67586 /* CCSprite.h */,
				35E87B8C13633F6500E67586 /* CCSprite.m */,
				35E87B8E13633F6500E67586 /* CCSpriteBatchNode.h */,
				35E87B8F13633F6600E67586 /* CCSpriteBatchNode.m */,
				35E87B9113633F6600E67586 /* CCSpriteFrame.h */,
				35E87B9213633F6600E67586 /* CCSpriteFrame.m */,
				35E87B9413633F6600E67586 /* CCSpriteFrameCache.h */,
				35E87B9513633F6600E67586 /* CCSpriteFrameCache.m */,
				35E87B9713633F6600E67586 /* CCTexture2D.h */,
				35E87B9813633F6600E67586 /* CCTexture2D.m */,
				35E87B9A13633F6600E67586 /* CCTextureAtlas.h */,
				35E87B9B13633F6600E67586 /* CCTextureAtlas.m */,
				35E87B9D13633F6600E67586 /* CCTextureCache.h */,
				35E87B9E13633F6600E67586 /* CCTextureCache.m */,
				35E87BA013633F6600E67586 /* CCTexturePVR.h */,
				35E87BA113633F6600E67586 /* CCTexturePVR.m */,
				35E87BA313633F6600E67586 /* CCTileMapAtlas.h */,
				35E87BA413633F6600E67586 /* CCTileMapAtlas.m */,
				35E87BA613633F6600E67586 /* CCTMXLayer.h */,
				35E87BA713633F6600E67586 /* CCTMXLayer.m */,
				35E87BA913633F6600E67586 /* CCTMXObjectGroup.h */,
				35E87BAA13633F6600E67586 /* CCTMXObjectGroup.m */,
				35E87BAC13633F6600E67586 /* CCTMXTiledMap.h */,
				35E87BAD13633F6600E67586 /* CCTMXTiledMap.m */,
				35E87BAF13633F6600E67586 /* CCTMXXMLParser.h */,
				35E87BB013633F6600E67586 /* CCTMXXMLParser.m */,
				35E87BB213633F6600E67586 /* CCTransition.h */,
				35E87BB313633F6600E67586 /* CCTransition.m */,
				35E87BB513633F6600E67586 /* CCTransitionPageTurn.h */,
				35E87BB613633F6600E67586 /* CCTransitionPageTurn.m */,
				35E87BB813633F6600E67586 /* CCTransitionRadial.h */,
				35E87BB913633F6600E67586 /* CCTransitionRadial.m */,
				35E87BBB13633F6600E67586 /* ccTypes.h */,
				35E87BBC13633F6600E67586 /* cocos2d.h */,
				35E87BBD13633F6600E67586 /* cocos2d.m */,
				35E87BBF13633F6600E67586 /* CCGL.h */,
				35E87BC013633F6600E67586 /* CCNS.h */,
				35E87BC113633F6600E67586 /* CCDirectorIOS.h */,
				35E87BC213633F6600E67586 /* CCDirectorIOS.m */,
				35E87BC413633F6600E67586 /* CCTouchDelegateProtocol.h */,
				35E87BC513633F6600E67586 /* CCTouchDispatcher.h */,
				35E87BC613633F6600E67586 /* CCTouchDispatcher.m */,
				35E87BC813633F6600E67586 /* CCTouchHandler.h */,
				35E87BC913633F6600E67586 /* CCTouchHandler.m */,
				35E87BCB13633F6600E67586 /* EAGLView.h */,
				35E87BCC13633F6600E67586 /* EAGLView.m */,
				35E87BCE13633F6600E67586 /* ES1Renderer.h */,
				35E87BCF13633F6600E67586 /* ES1Renderer.m */,
				35E87BD113633F6600E67586 /* ESRenderer.h */,
				35E87BD213633F6600E67586 /* glu.c */,
				35E87BD413633F6600E67586 /* glu.h */,
				35E87BD513633F6700E67586 /* CCDirectorMac.h */,
				35E87BD613633F6700E67586 /* CCDirectorMac.m */,
				35E87BD813633F6700E67586 /* CCEventDispatcher.h */,
				35E87BD913633F6700E67586 /* CCEventDispatcher.m */,
				35E87BDB13633F6700E67586 /* MacGLView.h */,
				35E87BDC13633F6700E67586 /* MacGLView.m */,
				35E87BDE13633F6700E67586 /* MacWindow.h */,
				35E87BDF13633F6700E67586 /* MacWindow.m */,
				35E87BE113633F6700E67586 /* base64.c */,
				35E87BE313633F6700E67586 /* base64.h */,
				35E87BE413633F6700E67586 /* CCArray.h */,
				35E87BE513633F6700E67586 /* CCArray.m */,
				35E87BE713633F6700E67586 /* ccCArray.h */,
				35E87BE813633F6700E67586 /* CCFileUtils.h */,
				35E87BE913633F6700E67586 /* CCFileUtils.m */,
				35E87BEB13633F6700E67586 /* CCProfiling.h */,
				35E87BEC13633F6700E67586 /* CCProfiling.m */,
				35E87BEE13633F6700E67586 /* ccUtils.c */,
				35E87BF013633F6700E67586 /* ccUtils.h */,
				35E87BF113633F6700E67586 /* CGPointExtension.h */,
				35E87BF213633F6700E67586 /* CGPointExtension.m */,
				35E87BF413633F6700E67586 /* OpenGL_Internal.h */,
				35E87BF513633F6700E67586 /* TGAlib.h */,
				35E87BF613633F6700E67586 /* TGAlib.m */,
				35E87BF813633F6700E67586 /* TransformUtils.h */,
				35E87BF913633F6700E67586 /* TransformUtils.m */,
				35E87BFB13633F6700E67586 /* uthash.h */,
				35E87BFC13633F6700E67586 /* utlist.h */,
				35E87BFD13633F6700E67586 /* ZipUtils.h */,
				35E87BFE13633F6700E67586 /* ZipUtils.m */,
			);
			name = cocos2d;
			sourceTree = "<group>";
		};
		35E87C0113633F6700E67586 /* CocosDenshion */ = {
			isa = PBXGroup;
			children = (
				35E87C0213633F6700E67586 /* CDAudioManager.h */,
				35E87C0313633F6700E67586 /* CDAudioManager.m */,
				35E87C0513633F6700E67586 /* CDConfig.h */,
				35E87C0613633F6700E67586 /* CDOpenALSupport.h */,
				35E87C0713633F6700E67586 /* CDOpenALSupport.m */,
				35E87C0913633F6700E67586 /* CocosDenshion.h */,
				35E87C0A13633F6700E67586 /* CocosDenshion.m */,
				35E87C0C13633F6700E67586 /* SimpleAudioEngine.h */,
				35E87C0D13633F6700E67586 /* SimpleAudioEngine.m */,
			);
			name = CocosDenshion;
			sourceTree = "<group>";
		};
		35E87C1013633F6700E67586 /* cocoslive */ = {
			isa = PBXGroup;
			children = (
				35E87C1113633F6700E67586 /* CLScoreServerPost.h */,
				35E87C1213633F6700E67586 /* CLScoreServerPost.m */,
				35E87C1413633F6700E67586 /* CLScoreServerRequest.h */,
				35E87C1513633F6700E67586 /* CLScoreServerRequest.m */,
				35E87C1713633F6700E67586 /* cocoslive.h */,
				35E87C1813633F6700E67586 /* cocoslive.m */,
			);
			name = cocoslive;
			sourceTree = "<group>";
		};
		35E87C1B13633F6700E67586 /* TouchJSON */ = {
			isa = PBXGroup;
			children = (
				35E87C1C13633F6700E67586 /* CDataScanner.h */,
				35E87C1D13633F6700E67586 /* CDataScanner.m */,
				35E87C1F13633F6700E67586 /* CDataScanner_Extensions.h */,
				35E87C2013633F6700E67586 /* CDataScanner_Extensions.m */,
				35E87C2213633F6800E67586 /* NSDictionary_JSONExtensions.h */,
				35E87C2313633F6800E67586 /* NSDictionary_JSONExtensions.m */,
				35E87C2513633F6800E67586 /* CJSONDeserializer.h */,
				35E87C2613633F6800E67586 /* CJSONDeserializer.m */,
				35E87C2813633F6800E67586 /* CJSONScanner.h */,
				35E87C2913633F6800E67586 /* CJSONScanner.m */,
				35E87C2B13633F6800E67586 /* CJSONSerializer.h */,
				35E87C2C13633F6800E67586 /* CJSONSerializer.m */,
				35E87C2E13633F6800E67586 /* JSONRepresentation.h */,
			);
			name = TouchJSON;
			sourceTree = "<group>";
		};
		35E87C2F13633F6800E67586 /* FontLabel */ = {
			isa = PBXGroup;
			children = (
				35E87C3013633F6800E67586 /* FontLabel.h */,
				35E87C3113633F6800E67586 /* FontLabel.m */,
				35E87C3313633F6800E67586 /* FontLabelStringDrawing.h */,
				35E87C3413633F6800E67586 /* FontLabelStringDrawing.m */,
				35E87C3613633F6800E67586 /* FontManager.h */,
				35E87C3713633F6800E67586 /* FontManager.m */,
				35E87C3913633F6800E67586 /* ZAttributedString.h */,
				35E87C3A13633F6800E67586 /* ZAttributedString.m */,
				35E87C3C13633F6800E67586 /* ZAttributedStringPrivate.h */,
				35E87C3D13633F6800E67586 /* ZFont.h */,
				35E87C3E13633F6800E67586 /* ZFont.m */,
			);
			name = FontLabel;
			sourceTree = "<group>";
		};
		35E87C4113633F6800E67586 /* Supporting Files */ = {
			isa = PBXGroup;
			children = (
				35E87C4213633F6800E67586 /* Prefix.pch */,
				35E87C4313633F6800E67586 /* main.m */,
			);
			name = "Supporting Files";
			sourceTree = "<group>";
		};
		35E87C5413633FC100E67586 /* Backgrounds */ = {
			isa = PBXGroup;
			children = (
				35E87C5513633FC100E67586 /* bg.png */,
			);
			name = Backgrounds;
			path = Resources/Backgrounds;
			sourceTree = "<group>";
		};
		35E87C5613633FC100E67586 /* Fonts */ = {
			isa = PBXGroup;
			children = (
				35E87C5713633FC100E67586 /* Arial-hd.fnt */,
				35E87C5813633FC100E67586 /* Arial-hd.png */,
				35E87C5913633FC100E67586 /* Arial.fnt */,
				35E87C5A13633FC100E67586 /* Arial.png */,
			);
			name = Fonts;
			path = Resources/Fonts;
			sourceTree = "<group>";
		};
		35E87C5B13633FC100E67586 /* Sprite Sheets */ = {
			isa = PBXGroup;
			children = (
				35E87C5C13633FC100E67586 /* CatSmash-hd.plist */,
				35E87C5D13633FC100E67586 /* CatSmash-hd.png */,
				35E87C5E13633FC100E67586 /* CatSmash.plist */,
				35E87C5F13633FC100E67586 /* CatSmash.png */,
			);
			name = "Sprite Sheets";
			path = "Resources/Sprite Sheets";
			sourceTree = "<group>";
		};
/* End PBXGroup section */

/* Begin PBXNativeTarget section */
		35E87AE513633F6300E67586 /* CatRace */ = {
			isa = PBXNativeTarget;
			buildConfigurationList = 35E87C5113633F6800E67586 /* Build configuration list for PBXNativeTarget "CatRace" */;
			buildPhases = (
				35E87AE213633F6300E67586 /* Sources */,
				35E87AE313633F6300E67586 /* Frameworks */,
				35E87AE413633F6300E67586 /* Resources */,
			);
			buildRules = (
			);
			dependencies = (
			);
			name = CatRace;
			productName = CatRace;
			productReference = 35E87AE613633F6300E67586 /* CatRace.app */;
			productType = "com.apple.product-type.application";
		};
/* End PBXNativeTarget section */

/* Begin PBXProject section */
		35E87ADD13633F6300E67586 /* Project object */ = {
			isa = PBXProject;
			buildConfigurationList = 35E87AE013633F6300E67586 /* Build configuration list for PBXProject "CatRace" */;
			compatibilityVersion = "Xcode 3.2";
			developmentRegion = English;
			hasScannedForEncodings = 0;
			knownRegions = (
				en,
			);
			mainGroup = 35E87ADB13633F6300E67586;
			productRefGroup = 35E87AE713633F6300E67586 /* Products */;
			projectDirPath = "";
			projectRoot = "";
			targets = (
				35E87AE513633F6300E67586 /* CatRace */,
			);
		};
/* End PBXProject section */

/* Begin PBXResourcesBuildPhase section */
		35E87AE413633F6300E67586 /* Resources */ = {
			isa = PBXResourcesBuildPhase;
			buildActionMask = 2147483647;
			files = (
				35E87AFD13633F6300E67586 /* Default.png in Resources */,
				35E87AFF13633F6300E67586 /* fps_images.png in Resources */,
				35E87B0113633F6300E67586 /* Icon-72.png in Resources */,
				35E87B0313633F6300E67586 /* Icon-Small-50.png in Resources */,
				35E87B0513633F6300E67586 /* Icon-Small.png in Resources */,
				35E87B0713633F6300E67586 /* Icon-Small@2x.png in Resources */,
				35E87B0913633F6300E67586 /* Icon.png in Resources */,
				35E87B0B13633F6300E67586 /* Icon@2x.png in Resources */,
				35E87B0E13633F6400E67586 /* iTunesArtwork in Resources */,
				35E87C6013633FC100E67586 /* bg.png in Resources */,
				35E87C6113633FC100E67586 /* Arial-hd.fnt in Resources */,
				35E87C6213633FC100E67586 /* Arial-hd.png in Resources */,
				35E87C6313633FC100E67586 /* Arial.fnt in Resources */,
				35E87C6413633FC100E67586 /* Arial.png in Resources */,
				35E87C6513633FC100E67586 /* CatSmash-hd.plist in Resources */,
				35E87C6613633FC100E67586 /* CatSmash-hd.png in Resources */,
				35E87C6713633FC100E67586 /* CatSmash.plist in Resources */,
				35E87C6813633FC100E67586 /* CatSmash.png in Resources */,
			);
			runOnlyForDeploymentPostprocessing = 0;
		};
/* End PBXResourcesBuildPhase section */

/* Begin PBXSourcesBuildPhase section */
		35E87AE213633F6300E67586 /* Sources */ = {
			isa = PBXSourcesBuildPhase;
			buildActionMask = 2147483647;
			files = (
				35E87B1213633F6400E67586 /* CCAction.m in Sources */,
				35E87B1513633F6400E67586 /* CCActionCamera.m in Sources */,
				35E87B1813633F6400E67586 /* CCActionEase.m in Sources */,
				35E87B1B13633F6400E67586 /* CCActionGrid.m in Sources */,
				35E87B1E13633F6400E67586 /* CCActionGrid3D.m in Sources */,
				35E87B2113633F6400E67586 /* CCActionInstant.m in Sources */,
				35E87B2413633F6400E67586 /* CCActionInterval.m in Sources */,
				35E87B2713633F6400E67586 /* CCActionManager.m in Sources */,
				35E87B2A13633F6400E67586 /* CCActionPageTurn3D.m in Sources */,
				35E87B2D13633F6400E67586 /* CCActionProgressTimer.m in Sources */,
				35E87B3013633F6400E67586 /* CCActionTiledGrid.m in Sources */,
				35E87B3313633F6400E67586 /* CCActionTween.m in Sources */,
				35E87B3613633F6400E67586 /* CCAnimation.m in Sources */,
				35E87B3913633F6400E67586 /* CCAnimationCache.m in Sources */,
				35E87B3C13633F6400E67586 /* CCAtlasNode.m in Sources */,
				35E87B3F13633F6400E67586 /* CCBlockSupport.m in Sources */,
				35E87B4213633F6400E67586 /* CCCamera.m in Sources */,
				35E87B4613633F6400E67586 /* CCConfiguration.m in Sources */,
				35E87B4913633F6500E67586 /* CCDirector.m in Sources */,
				35E87B4C13633F6500E67586 /* CCDrawingPrimitives.m in Sources */,
				35E87B4F13633F6500E67586 /* CCGrabber.m in Sources */,
				35E87B5213633F6500E67586 /* CCGrid.m in Sources */,
				35E87B5513633F6500E67586 /* CCLabelAtlas.m in Sources */,
				35E87B5813633F6500E67586 /* CCLabelBMFont.m in Sources */,
				35E87B5B13633F6500E67586 /* CCLabelTTF.m in Sources */,
				35E87B5E13633F6500E67586 /* CCLayer.m in Sources */,
				35E87B6213633F6500E67586 /* CCMenu.m in Sources */,
				35E87B6513633F6500E67586 /* CCMenuItem.m in Sources */,
				35E87B6813633F6500E67586 /* CCMotionStreak.m in Sources */,
				35E87B6B13633F6500E67586 /* CCNode.m in Sources */,
				35E87B6E13633F6500E67586 /* CCParallaxNode.m in Sources */,
				35E87B7113633F6500E67586 /* CCParticleExamples.m in Sources */,
				35E87B7413633F6500E67586 /* CCParticleSystem.m in Sources */,
				35E87B7713633F6500E67586 /* CCParticleSystemPoint.m in Sources */,
				35E87B7A13633F6500E67586 /* CCParticleSystemQuad.m in Sources */,
				35E87B7D13633F6500E67586 /* CCProgressTimer.m in Sources */,
				35E87B8113633F6500E67586 /* CCRenderTexture.m in Sources */,
				35E87B8413633F6500E67586 /* CCRibbon.m in Sources */,
				35E87B8713633F6500E67586 /* CCScene.m in Sources */,
				35E87B8A13633F6500E67586 /* CCScheduler.m in Sources */,
				35E87B8D13633F6500E67586 /* CCSprite.m in Sources */,
				35E87B9013633F6600E67586 /* CCSpriteBatchNode.m in Sources */,
				35E87B9313633F6600E67586 /* CCSpriteFrame.m in Sources */,
				35E87B9613633F6600E67586 /* CCSpriteFrameCache.m in Sources */,
				35E87B9913633F6600E67586 /* CCTexture2D.m in Sources */,
				35E87B9C13633F6600E67586 /* CCTextureAtlas.m in Sources */,
				35E87B9F13633F6600E67586 /* CCTextureCache.m in Sources */,
				35E87BA213633F6600E67586 /* CCTexturePVR.m in Sources */,
				35E87BA513633F6600E67586 /* CCTileMapAtlas.m in Sources */,
				35E87BA813633F6600E67586 /* CCTMXLayer.m in Sources */,
				35E87BAB13633F6600E67586 /* CCTMXObjectGroup.m in Sources */,
				35E87BAE13633F6600E67586 /* CCTMXTiledMap.m in Sources */,
				35E87BB113633F6600E67586 /* CCTMXXMLParser.m in Sources */,
				35E87BB413633F6600E67586 /* CCTransition.m in Sources */,
				35E87BB713633F6600E67586 /* CCTransitionPageTurn.m in Sources */,
				35E87BBA13633F6600E67586 /* CCTransitionRadial.m in Sources */,
				35E87BBE13633F6600E67586 /* cocos2d.m in Sources */,
				35E87BC313633F6600E67586 /* CCDirectorIOS.m in Sources */,
				35E87BC713633F6600E67586 /* CCTouchDispatcher.m in Sources */,
				35E87BCA13633F6600E67586 /* CCTouchHandler.m in Sources */,
				35E87BCD13633F6600E67586 /* EAGLView.m in Sources */,
				35E87BD013633F6600E67586 /* ES1Renderer.m in Sources */,
				35E87BD313633F6600E67586 /* glu.c in Sources */,
				35E87BD713633F6700E67586 /* CCDirectorMac.m in Sources */,
				35E87BDA13633F6700E67586 /* CCEventDispatcher.m in Sources */,
				35E87BDD13633F6700E67586 /* MacGLView.m in Sources */,
				35E87BE013633F6700E67586 /* MacWindow.m in Sources */,
				35E87BE213633F6700E67586 /* base64.c in Sources */,
				35E87BE613633F6700E67586 /* CCArray.m in Sources */,
				35E87BEA13633F6700E67586 /* CCFileUtils.m in Sources */,
				35E87BED13633F6700E67586 /* CCProfiling.m in Sources */,
				35E87BEF13633F6700E67586 /* ccUtils.c in Sources */,
				35E87BF313633F6700E67586 /* CGPointExtension.m in Sources */,
				35E87BF713633F6700E67586 /* TGAlib.m in Sources */,
				35E87BFA13633F6700E67586 /* TransformUtils.m in Sources */,
				35E87BFF13633F6700E67586 /* ZipUtils.m in Sources */,
				35E87C0413633F6700E67586 /* CDAudioManager.m in Sources */,
				35E87C0813633F6700E67586 /* CDOpenALSupport.m in Sources */,
				35E87C0B13633F6700E67586 /* CocosDenshion.m in Sources */,
				35E87C0E13633F6700E67586 /* SimpleAudioEngine.m in Sources */,
				35E87C1313633F6700E67586 /* CLScoreServerPost.m in Sources */,
				35E87C1613633F6700E67586 /* CLScoreServerRequest.m in Sources */,
				35E87C1913633F6700E67586 /* cocoslive.m in Sources */,
				35E87C1E13633F6700E67586 /* CDataScanner.m in Sources */,
				35E87C2113633F6700E67586 /* CDataScanner_Extensions.m in Sources */,
				35E87C2413633F6800E67586 /* NSDictionary_JSONExtensions.m in Sources */,
				35E87C2713633F6800E67586 /* CJSONDeserializer.m in Sources */,
				35E87C2A13633F6800E67586 /* CJSONScanner.m in Sources */,
				35E87C2D13633F6800E67586 /* CJSONSerializer.m in Sources */,
				35E87C3213633F6800E67586 /* FontLabel.m in Sources */,
				35E87C3513633F6800E67586 /* FontLabelStringDrawing.m in Sources */,
				35E87C3813633F6800E67586 /* FontManager.m in Sources */,
				35E87C3B13633F6800E67586 /* ZAttributedString.m in Sources */,
				35E87C3F13633F6800E67586 /* ZFont.m in Sources */,
				35E87C4413633F6800E67586 /* main.m in Sources */,
				35E87C4713633F6800E67586 /* AppDelegate.m in Sources */,
				35E87C4A13633F6800E67586 /* RootViewController.m in Sources */,
				35E87C4D13633F6800E67586 /* HelloWorldLayer.m in Sources */,
				35E87C6B1363408F00E67586 /* PlayerSprite.m in Sources */,
				35E87C761363597F00E67586 /* GCHelper.m in Sources */,
				35E87C841363715500E67586 /* GKMatchmakerViewController-LandscapeOnly.m in Sources */,
			);
			runOnlyForDeploymentPostprocessing = 0;
		};
/* End PBXSourcesBuildPhase section */

/* Begin XCBuildConfiguration section */
		35E87C4F13633F6800E67586 /* Debug */ = {
			isa = XCBuildConfiguration;
			buildSettings = {
				ARCHS = "$(ARCHS_STANDARD_32_BIT)";
				"CODE_SIGN_IDENTITY[sdk=iphoneos*]" = "iPhone Developer";
				GCC_C_LANGUAGE_STANDARD = gnu99;
				GCC_OPTIMIZATION_LEVEL = 0;
				GCC_PREPROCESSOR_DEFINITIONS = (
					DEBUG,
					"COCOS2D_DEBUG=1",
				);
				GCC_SYMBOLS_PRIVATE_EXTERN = NO;
				GCC_VERSION = com.apple.compilers.llvmgcc42;
				GCC_WARN_ABOUT_RETURN_TYPE = YES;
				GCC_WARN_UNUSED_VARIABLE = YES;
				IPHONEOS_DEPLOYMENT_TARGET = 4.3;
				SDKROOT = iphoneos;
			};
			name = Debug;
		};
		35E87C5013633F6800E67586 /* Release */ = {
			isa = XCBuildConfiguration;
			buildSettings = {
				ARCHS = "$(ARCHS_STANDARD_32_BIT)";
				"CODE_SIGN_IDENTITY[sdk=iphoneos*]" = "iPhone Developer";
				GCC_C_LANGUAGE_STANDARD = gnu99;
				GCC_PREPROCESSOR_DEFINITIONS = NDEBUG;
				GCC_VERSION = com.apple.compilers.llvmgcc42;
				GCC_WARN_ABOUT_RETURN_TYPE = YES;
				GCC_WARN_UNUSED_VARIABLE = YES;
				IPHONEOS_DEPLOYMENT_TARGET = 4.3;
				OTHER_CFLAGS = "-DNS_BLOCK_ASSERTIONS=1";
				SDKROOT = iphoneos;
			};
			name = Release;
		};
		35E87C5213633F6800E67586 /* Debug */ = {
			isa = XCBuildConfiguration;
			buildSettings = {
				ALWAYS_SEARCH_USER_PATHS = NO;
				COPY_PHASE_STRIP = NO;
				GCC_DYNAMIC_NO_PIC = NO;
				GCC_PRECOMPILE_PREFIX_HEADER = YES;
				GCC_PREFIX_HEADER = CatRace/Prefix.pch;
				"GCC_THUMB_SUPPORT[arch=armv6]" = "";
				INFOPLIST_FILE = CatRace/Resources/Info.plist;
				OTHER_LDFLAGS = "-lz";
				PRODUCT_NAME = "$(TARGET_NAME)";
				WRAPPER_EXTENSION = app;
			};
			name = Debug;
		};
		35E87C5313633F6800E67586 /* Release */ = {
			isa = XCBuildConfiguration;
			buildSettings = {
				ALWAYS_SEARCH_USER_PATHS = NO;
				COPY_PHASE_STRIP = YES;
				GCC_PRECOMPILE_PREFIX_HEADER = YES;
				GCC_PREFIX_HEADER = CatRace/Prefix.pch;
				"GCC_THUMB_SUPPORT[arch=armv6]" = "";
				INFOPLIST_FILE = CatRace/Resources/Info.plist;
				OTHER_LDFLAGS = "-lz";
				PRODUCT_NAME = "$(TARGET_NAME)";
				VALIDATE_PRODUCT = YES;
				WRAPPER_EXTENSION = app;
			};
			name = Release;
		};
/* End XCBuildConfiguration section */

/* Begin XCConfigurationList section */
		35E87AE013633F6300E67586 /* Build configuration list for PBXProject "CatRace" */ = {
			isa = XCConfigurationList;
			buildConfigurations = (
				35E87C4F13633F6800E67586 /* Debug */,
				35E87C5013633F6800E67586 /* Release */,
			);
			defaultConfigurationIsVisible = 0;
			defaultConfigurationName = Release;
		};
		35E87C5113633F6800E67586 /* Build configuration list for PBXNativeTarget "CatRace" */ = {
			isa = XCConfigurationList;
			buildConfigurations = (
				35E87C5213633F6800E67586 /* Debug */,
				35E87C5313633F6800E67586 /* Release */,
			);
			defaultConfigurationIsVisible = 0;
			defaultConfigurationName = Release;
		};
/* End XCConfigurationList section */
	};
	rootObject = 35E87ADD13633F6300E67586 /* Project object */;
}
