// !$*UTF8*$!
{
	archiveVersion = 1;
	classes = {
	};
	objectVersion = 46;
	objects = {

/* Begin PBXBuildFile section */
		1B2711641612183F0065E020 /* UIKit.framework in Frameworks */ = {isa = PBXBuildFile; fileRef = 1B2711631612183F0065E020 /* UIKit.framework */; };
		1B2711661612183F0065E020 /* Foundation.framework in Frameworks */ = {isa = PBXBuildFile; fileRef = 1B2711651612183F0065E020 /* Foundation.framework */; };
		1B2711681612183F0065E020 /* CoreGraphics.framework in Frameworks */ = {isa = PBXBuildFile; fileRef = 1B2711671612183F0065E020 /* CoreGraphics.framework */; };
		1B27116E1612183F0065E020 /* InfoPlist.strings in Resources */ = {isa = PBXBuildFile; fileRef = 1B27116C1612183F0065E020 /* InfoPlist.strings */; };
		1B2711701612183F0065E020 /* main.m in Sources */ = {isa = PBXBuildFile; fileRef = 1B27116F1612183F0065E020 /* main.m */; };
		1B2711741612183F0065E020 /* GKAppDelegate.m in Sources */ = {isa = PBXBuildFile; fileRef = 1B2711731612183F0065E020 /* GKAppDelegate.m */; };
/* End PBXBuildFile section */

/* Begin PBXFileReference section */
		1B27115F1612183E0065E020 /* GameKitIosExtension.app */ = {isa = PBXFileReference; explicitFileType = wrapper.application; includeInIndex = 0; path = GameKitIosExtension.app; sourceTree = BUILT_PRODUCTS_DIR; };
		1B2711631612183F0065E020 /* UIKit.framework */ = {isa = PBXFileReference; lastKnownFileType = wrapper.framework; name = UIKit.framework; path = System/Library/Frameworks/UIKit.framework; sourceTree = SDKROOT; };
		1B2711651612183F0065E020 /* Foundation.framework */ = {isa = PBXFileReference; lastKnownFileType = wrapper.framework; name = Foundation.framework; path = System/Library/Frameworks/Foundation.framework; sourceTree = SDKROOT; };
		1B2711671612183F0065E020 /* CoreGraphics.framework */ = {isa = PBXFileReference; lastKnownFileType = wrapper.framework; name = CoreGraphics.framework; path = System/Library/Frameworks/CoreGraphics.framework; sourceTree = SDKROOT; };
		1B27116B1612183F0065E020 /* GameKitIosExtension-Info.plist */ = {isa = PBXFileReference; lastKnownFileType = text.plist.xml; path = "GameKitIosExtension-Info.plist"; sourceTree = "<group>"; };
		1B27116D1612183F0065E020 /* en */ = {isa = PBXFileReference; lastKnownFileType = text.plist.strings; name = en; path = en.lproj/InfoPlist.strings; sourceTree = "<group>"; };
		1B27116F1612183F0065E020 /* main.m */ = {isa = PBXFileReference; lastKnownFileType = sourcecode.c.objc; path = main.m; sourceTree = "<group>"; };
		1B2711711612183F0065E020 /* GameKitIosExtension-Prefix.pch */ = {isa = PBXFileReference; lastKnownFileType = sourcecode.c.h; path = "GameKitIosExtension-Prefix.pch"; sourceTree = "<group>"; };
		1B2711721612183F0065E020 /* GKAppDelegate.h */ = {isa = PBXFileReference; lastKnownFileType = sourcecode.c.h; path = GKAppDelegate.h; sourceTree = "<group>"; };
		1B2711731612183F0065E020 /* GKAppDelegate.m */ = {isa = PBXFileReference; lastKnownFileType = sourcecode.c.objc; path = GKAppDelegate.m; sourceTree = "<group>"; };
/* End PBXFileReference section */

/* Begin PBXFrameworksBuildPhase section */
		1B27115C1612183E0065E020 /* Frameworks */ = {
			isa = PBXFrameworksBuildPhase;
			buildActionMask = 2147483647;
			files = (
				1B2711641612183F0065E020 /* UIKit.framework in Frameworks */,
				1B2711661612183F0065E020 /* Foundation.framework in Frameworks */,
				1B2711681612183F0065E020 /* CoreGraphics.framework in Frameworks */,
			);
			runOnlyForDeploymentPostprocessing = 0;
		};
/* End PBXFrameworksBuildPhase section */

/* Begin PBXGroup section */
		1B2711541612183E0065E020 = {
			isa = PBXGroup;
			children = (
				1B2711691612183F0065E020 /* GameKitIosExtension */,
				1B2711621612183F0065E020 /* Frameworks */,
				1B2711601612183F0065E020 /* Products */,
			);
			sourceTree = "<group>";
		};
		1B2711601612183F0065E020 /* Products */ = {
			isa = PBXGroup;
			children = (
				1B27115F1612183E0065E020 /* GameKitIosExtension.app */,
			);
			name = Products;
			sourceTree = "<group>";
		};
		1B2711621612183F0065E020 /* Frameworks */ = {
			isa = PBXGroup;
			children = (
				1B2711631612183F0065E020 /* UIKit.framework */,
				1B2711651612183F0065E020 /* Foundation.framework */,
				1B2711671612183F0065E020 /* CoreGraphics.framework */,
			);
			name = Frameworks;
			sourceTree = "<group>";
		};
		1B2711691612183F0065E020 /* GameKitIosExtension */ = {
			isa = PBXGroup;
			children = (
				1B2711721612183F0065E020 /* GKAppDelegate.h */,
				1B2711731612183F0065E020 /* GKAppDelegate.m */,
				1B27116A1612183F0065E020 /* Supporting Files */,
			);
			path = GameKitIosExtension;
			sourceTree = "<group>";
		};
		1B27116A1612183F0065E020 /* Supporting Files */ = {
			isa = PBXGroup;
			children = (
				1B27116B1612183F0065E020 /* GameKitIosExtension-Info.plist */,
				1B27116C1612183F0065E020 /* InfoPlist.strings */,
				1B27116F1612183F0065E020 /* main.m */,
				1B2711711612183F0065E020 /* GameKitIosExtension-Prefix.pch */,
			);
			name = "Supporting Files";
			sourceTree = "<group>";
		};
/* End PBXGroup section */

/* Begin PBXNativeTarget section */
		1B27115E1612183E0065E020 /* GameKitIosExtension */ = {
			isa = PBXNativeTarget;
			buildConfigurationList = 1B2711771612183F0065E020 /* Build configuration list for PBXNativeTarget "GameKitIosExtension" */;
			buildPhases = (
				1B27115B1612183E0065E020 /* Sources */,
				1B27115C1612183E0065E020 /* Frameworks */,
				1B27115D1612183E0065E020 /* Resources */,
			);
			buildRules = (
			);
			dependencies = (
			);
			name = GameKitIosExtension;
			productName = GameKitIosExtension;
			productReference = 1B27115F1612183E0065E020 /* GameKitIosExtension.app */;
			productType = "com.apple.product-type.application";
		};
/* End PBXNativeTarget section */

/* Begin PBXProject section */
		1B2711561612183E0065E020 /* Project object */ = {
			isa = PBXProject;
			attributes = {
				CLASSPREFIX = GK;
				LastUpgradeCheck = 0440;
				ORGANIZATIONNAME = IceStar;
			};
			buildConfigurationList = 1B2711591612183E0065E020 /* Build configuration list for PBXProject "GameKitIosExtension" */;
			compatibilityVersion = "Xcode 3.2";
			developmentRegion = English;
			hasScannedForEncodings = 0;
			knownRegions = (
				en,
			);
			mainGroup = 1B2711541612183E0065E020;
			productRefGroup = 1B2711601612183F0065E020 /* Products */;
			projectDirPath = "";
			projectRoot = "";
			targets = (
				1B27115E1612183E0065E020 /* GameKitIosExtension */,
			);
		};
/* End PBXProject section */

/* Begin PBXResourcesBuildPhase section */
		1B27115D1612183E0065E020 /* Resources */ = {
			isa = PBXResourcesBuildPhase;
			buildActionMask = 2147483647;
			files = (
				1B27116E1612183F0065E020 /* InfoPlist.strings in Resources */,
			);
			runOnlyForDeploymentPostprocessing = 0;
		};
/* End PBXResourcesBuildPhase section */

/* Begin PBXSourcesBuildPhase section */
		1B27115B1612183E0065E020 /* Sources */ = {
			isa = PBXSourcesBuildPhase;
			buildActionMask = 2147483647;
			files = (
				1B2711701612183F0065E020 /* main.m in Sources */,
				1B2711741612183F0065E020 /* GKAppDelegate.m in Sources */,
			);
			runOnlyForDeploymentPostprocessing = 0;
		};
/* End PBXSourcesBuildPhase section */

/* Begin PBXVariantGroup section */
		1B27116C1612183F0065E020 /* InfoPlist.strings */ = {
			isa = PBXVariantGroup;
			children = (
				1B27116D1612183F0065E020 /* en */,
			);
			name = InfoPlist.strings;
			sourceTree = "<group>";
		};
/* End PBXVariantGroup section */

/* Begin XCBuildConfiguration section */
		1B2711751612183F0065E020 /* Debug */ = {
			isa = XCBuildConfiguration;
			buildSettings = {
				ALWAYS_SEARCH_USER_PATHS = NO;
				ARCHS = "$(ARCHS_STANDARD_32_BIT)";
				CLANG_CXX_LANGUAGE_STANDARD = "gnu++0x";
				CLANG_ENABLE_OBJC_ARC = YES;
				CLANG_WARN__DUPLICATE_METHOD_MATCH = YES;
				"CODE_SIGN_IDENTITY[sdk=iphoneos*]" = "iPhone Developer";
				COPY_PHASE_STRIP = NO;
				GCC_C_LANGUAGE_STANDARD = gnu99;
				GCC_DYNAMIC_NO_PIC = NO;
				GCC_OPTIMIZATION_LEVEL = 0;
				GCC_PREPROCESSOR_DEFINITIONS = (
					"DEBUG=1",
					"$(inherited)",
				);
				GCC_SYMBOLS_PRIVATE_EXTERN = NO;
				GCC_VERSION = com.apple.compilers.llvm.clang.1_0;
				GCC_WARN_ABOUT_RETURN_TYPE = YES;
				GCC_WARN_UNINITIALIZED_AUTOS = YES;
				GCC_WARN_UNUSED_VARIABLE = YES;
				IPHONEOS_DEPLOYMENT_TARGET = 5.1;
				SDKROOT = iphoneos;
				TARGETED_DEVICE_FAMILY = "1,2";
			};
			name = Debug;
		};
		1B2711761612183F0065E020 /* Release */ = {
			isa = XCBuildConfiguration;
			buildSettings = {
				ALWAYS_SEARCH_USER_PATHS = NO;
				ARCHS = "$(ARCHS_STANDARD_32_BIT)";
				CLANG_CXX_LANGUAGE_STANDARD = "gnu++0x";
				CLANG_ENABLE_OBJC_ARC = YES;
				CLANG_WARN__DUPLICATE_METHOD_MATCH = YES;
				"CODE_SIGN_IDENTITY[sdk=iphoneos*]" = "iPhone Developer";
				COPY_PHASE_STRIP = YES;
				GCC_C_LANGUAGE_STANDARD = gnu99;
				GCC_VERSION = com.apple.compilers.llvm.clang.1_0;
				GCC_WARN_ABOUT_RETURN_TYPE = YES;
				GCC_WARN_UNINITIALIZED_AUTOS = YES;
				GCC_WARN_UNUSED_VARIABLE = YES;
				IPHONEOS_DEPLOYMENT_TARGET = 5.1;
				OTHER_CFLAGS = "-DNS_BLOCK_ASSERTIONS=1";
				SDKROOT = iphoneos;
				TARGETED_DEVICE_FAMILY = "1,2";
				VALIDATE_PRODUCT = YES;
			};
			name = Release;
		};
		1B2711781612183F0065E020 /* Debug */ = {
			isa = XCBuildConfiguration;
			buildSettings = {
				GCC_PRECOMPILE_PREFIX_HEADER = YES;
				GCC_PREFIX_HEADER = "GameKitIosExtension/GameKitIosExtension-Prefix.pch";
				INFOPLIST_FILE = "GameKitIosExtension/GameKitIosExtension-Info.plist";
				PRODUCT_NAME = "$(TARGET_NAME)";
				WRAPPER_EXTENSION = app;
			};
			name = Debug;
		};
		1B2711791612183F0065E020 /* Release */ = {
			isa = XCBuildConfiguration;
			buildSettings = {
				GCC_PRECOMPILE_PREFIX_HEADER = YES;
				GCC_PREFIX_HEADER = "GameKitIosExtension/GameKitIosExtension-Prefix.pch";
				INFOPLIST_FILE = "GameKitIosExtension/GameKitIosExtension-Info.plist";
				PRODUCT_NAME = "$(TARGET_NAME)";
				WRAPPER_EXTENSION = app;
			};
			name = Release;
		};
/* End XCBuildConfiguration section */

/* Begin XCConfigurationList section */
		1B2711591612183E0065E020 /* Build configuration list for PBXProject "GameKitIosExtension" */ = {
			isa = XCConfigurationList;
			buildConfigurations = (
				1B2711751612183F0065E020 /* Debug */,
				1B2711761612183F0065E020 /* Release */,
			);
			defaultConfigurationIsVisible = 0;
			defaultConfigurationName = Release;
		};
		1B2711771612183F0065E020 /* Build configuration list for PBXNativeTarget "GameKitIosExtension" */ = {
			isa = XCConfigurationList;
			buildConfigurations = (
				1B2711781612183F0065E020 /* Debug */,
				1B2711791612183F0065E020 /* Release */,
			);
			defaultConfigurationIsVisible = 0;
		};
/* End XCConfigurationList section */
	};
	rootObject = 1B2711561612183E0065E020 /* Project object */;
}
