// !$*UTF8*$!
{
	archiveVersion = 1;
	classes = {
	};
	objectVersion = 46;
	objects = {

/* Begin PBXBuildFile section */
		1B58A03C1602D56F00499298 /* GKMatchmakerViewController-LandscapeOnly.h in Headers */ = {isa = PBXBuildFile; fileRef = 1B58A03A1602D56F00499298 /* GKMatchmakerViewController-LandscapeOnly.h */; };
		1B58A03D1602D56F00499298 /* GKMatchmakerViewController-LandscapeOnly.m in Sources */ = {isa = PBXBuildFile; fileRef = 1B58A03B1602D56F00499298 /* GKMatchmakerViewController-LandscapeOnly.m */; };
		1B58A0411602D58000499298 /* FRETypeConversion.h in Headers */ = {isa = PBXBuildFile; fileRef = 1B58A03F1602D58000499298 /* FRETypeConversion.h */; };
		1B58A0421602D58000499298 /* FRETypeConversion.m in Sources */ = {isa = PBXBuildFile; fileRef = 1B58A0401602D58000499298 /* FRETypeConversion.m */; };
		1B58A04916072C8C00499298 /* JSONKit.h in Headers */ = {isa = PBXBuildFile; fileRef = 1B58A04716072C8C00499298 /* JSONKit.h */; };
		1B58A04A16072C8C00499298 /* JSONKit.m in Headers */ = {isa = PBXBuildFile; fileRef = 1B58A04816072C8C00499298 /* JSONKit.m */; };
		798B422C1467CE5700F01668 /* Foundation.framework in Frameworks */ = {isa = PBXBuildFile; fileRef = 798B422B1467CE5700F01668 /* Foundation.framework */; };
		798B42391467CE9900F01668 /* GameKit.framework in Frameworks */ = {isa = PBXBuildFile; fileRef = 798B42381467CE9900F01668 /* GameKit.framework */; settings = {ATTRIBUTES = (Weak, ); }; };
		798B423B1467CF0F00F01668 /* FlashRuntimeExtensions.h in Headers */ = {isa = PBXBuildFile; fileRef = 798B423A1467CF0F00F01668 /* FlashRuntimeExtensions.h */; };
		79ED079C152B5E40006EA7E5 /* GC_LeaderboardWithNames.h in Headers */ = {isa = PBXBuildFile; fileRef = 79ED079A152B5E40006EA7E5 /* GC_LeaderboardWithNames.h */; };
		79ED079D152B5E40006EA7E5 /* GC_LeaderboardWithNames.m in Sources */ = {isa = PBXBuildFile; fileRef = 79ED079B152B5E40006EA7E5 /* GC_LeaderboardWithNames.m */; };
		79ED1B0E158F5D8A003B20F6 /* GC_TypeConversion.h in Headers */ = {isa = PBXBuildFile; fileRef = 79ED1B0C158F5D8A003B20F6 /* GC_TypeConversion.h */; };
		79ED1B0F158F5D8A003B20F6 /* GC_TypeConversion.m in Sources */ = {isa = PBXBuildFile; fileRef = 79ED1B0D158F5D8A003B20F6 /* GC_TypeConversion.m */; };
		79ED1B12158F61E8003B20F6 /* GameKitHandler.h in Headers */ = {isa = PBXBuildFile; fileRef = 79ED1B10158F61E8003B20F6 /* GameKitHandler.h */; };
		79ED1B13158F61E8003B20F6 /* GameKitHandler.m in Sources */ = {isa = PBXBuildFile; fileRef = 79ED1B11158F61E8003B20F6 /* GameKitHandler.m */; };
		79FA57BE14F01DE8002FB6AF /* GC_BoardsController.h in Headers */ = {isa = PBXBuildFile; fileRef = 79FA57B914F01DE8002FB6AF /* GC_BoardsController.h */; };
		79FA57BF14F01DE8002FB6AF /* GC_BoardsControllerPad.h in Headers */ = {isa = PBXBuildFile; fileRef = 79FA57BA14F01DE8002FB6AF /* GC_BoardsControllerPad.h */; };
		79FA57C014F01DE8002FB6AF /* GC_BoardsControllerPad.m in Sources */ = {isa = PBXBuildFile; fileRef = 79FA57BB14F01DE8002FB6AF /* GC_BoardsControllerPad.m */; };
		79FA57C114F01DE8002FB6AF /* GC_BoardsControllerPhone.h in Headers */ = {isa = PBXBuildFile; fileRef = 79FA57BC14F01DE8002FB6AF /* GC_BoardsControllerPhone.h */; };
		79FA57C214F01DE8002FB6AF /* GC_BoardsControllerPhone.m in Sources */ = {isa = PBXBuildFile; fileRef = 79FA57BD14F01DE8002FB6AF /* GC_BoardsControllerPhone.m */; };
		79FA57CC14F01E04002FB6AF /* GameKitIosExtension.m in Sources */ = {isa = PBXBuildFile; fileRef = 79FA57C714F01E04002FB6AF /* GameKitIosExtension.m */; };
		79FA57CD14F01E04002FB6AF /* GC_NativeMessages.h in Headers */ = {isa = PBXBuildFile; fileRef = 79FA57C814F01E04002FB6AF /* GC_NativeMessages.h */; };
/* End PBXBuildFile section */

/* Begin PBXFileReference section */
		1B58A03A1602D56F00499298 /* GKMatchmakerViewController-LandscapeOnly.h */ = {isa = PBXFileReference; fileEncoding = 4; lastKnownFileType = sourcecode.c.h; path = "GKMatchmakerViewController-LandscapeOnly.h"; sourceTree = "<group>"; };
		1B58A03B1602D56F00499298 /* GKMatchmakerViewController-LandscapeOnly.m */ = {isa = PBXFileReference; fileEncoding = 4; lastKnownFileType = sourcecode.c.objc; path = "GKMatchmakerViewController-LandscapeOnly.m"; sourceTree = "<group>"; };
		1B58A03F1602D58000499298 /* FRETypeConversion.h */ = {isa = PBXFileReference; fileEncoding = 4; lastKnownFileType = sourcecode.c.h; path = FRETypeConversion.h; sourceTree = "<group>"; };
		1B58A0401602D58000499298 /* FRETypeConversion.m */ = {isa = PBXFileReference; fileEncoding = 4; lastKnownFileType = sourcecode.c.objc; path = FRETypeConversion.m; sourceTree = "<group>"; };
		1B58A04716072C8C00499298 /* JSONKit.h */ = {isa = PBXFileReference; lastKnownFileType = sourcecode.c.h; path = JSONKit.h; sourceTree = "<group>"; };
		1B58A04816072C8C00499298 /* JSONKit.m */ = {isa = PBXFileReference; lastKnownFileType = sourcecode.c.objc; path = JSONKit.m; sourceTree = "<group>"; };
		798B42281467CE5700F01668 /* libGameCenterIosExtension.a */ = {isa = PBXFileReference; explicitFileType = archive.ar; includeInIndex = 0; path = libGameCenterIosExtension.a; sourceTree = BUILT_PRODUCTS_DIR; };
		798B422B1467CE5700F01668 /* Foundation.framework */ = {isa = PBXFileReference; lastKnownFileType = wrapper.framework; name = Foundation.framework; path = System/Library/Frameworks/Foundation.framework; sourceTree = SDKROOT; };
		798B42381467CE9900F01668 /* GameKit.framework */ = {isa = PBXFileReference; lastKnownFileType = wrapper.framework; name = GameKit.framework; path = System/Library/Frameworks/GameKit.framework; sourceTree = SDKROOT; };
		798B423A1467CF0F00F01668 /* FlashRuntimeExtensions.h */ = {isa = PBXFileReference; fileEncoding = 4; lastKnownFileType = sourcecode.c.h; path = FlashRuntimeExtensions.h; sourceTree = "<group>"; };
		79ED079A152B5E40006EA7E5 /* GC_LeaderboardWithNames.h */ = {isa = PBXFileReference; fileEncoding = 4; lastKnownFileType = sourcecode.c.h; path = GC_LeaderboardWithNames.h; sourceTree = "<group>"; };
		79ED079B152B5E40006EA7E5 /* GC_LeaderboardWithNames.m */ = {isa = PBXFileReference; fileEncoding = 4; lastKnownFileType = sourcecode.c.objc; path = GC_LeaderboardWithNames.m; sourceTree = "<group>"; };
		79ED1B0C158F5D8A003B20F6 /* GC_TypeConversion.h */ = {isa = PBXFileReference; fileEncoding = 4; lastKnownFileType = sourcecode.c.h; path = GC_TypeConversion.h; sourceTree = "<group>"; };
		79ED1B0D158F5D8A003B20F6 /* GC_TypeConversion.m */ = {isa = PBXFileReference; fileEncoding = 4; lastKnownFileType = sourcecode.c.objc; path = GC_TypeConversion.m; sourceTree = "<group>"; };
		79ED1B10158F61E8003B20F6 /* GameKitHandler.h */ = {isa = PBXFileReference; fileEncoding = 4; lastKnownFileType = sourcecode.c.h; path = GameKitHandler.h; sourceTree = "<group>"; };
		79ED1B11158F61E8003B20F6 /* GameKitHandler.m */ = {isa = PBXFileReference; fileEncoding = 4; lastKnownFileType = sourcecode.c.objc; path = GameKitHandler.m; sourceTree = "<group>"; };
		79FA57B914F01DE8002FB6AF /* GC_BoardsController.h */ = {isa = PBXFileReference; fileEncoding = 4; lastKnownFileType = sourcecode.c.h; path = GC_BoardsController.h; sourceTree = SOURCE_ROOT; };
		79FA57BA14F01DE8002FB6AF /* GC_BoardsControllerPad.h */ = {isa = PBXFileReference; fileEncoding = 4; lastKnownFileType = sourcecode.c.h; path = GC_BoardsControllerPad.h; sourceTree = SOURCE_ROOT; };
		79FA57BB14F01DE8002FB6AF /* GC_BoardsControllerPad.m */ = {isa = PBXFileReference; fileEncoding = 4; lastKnownFileType = sourcecode.c.objc; path = GC_BoardsControllerPad.m; sourceTree = SOURCE_ROOT; };
		79FA57BC14F01DE8002FB6AF /* GC_BoardsControllerPhone.h */ = {isa = PBXFileReference; fileEncoding = 4; lastKnownFileType = sourcecode.c.h; path = GC_BoardsControllerPhone.h; sourceTree = SOURCE_ROOT; };
		79FA57BD14F01DE8002FB6AF /* GC_BoardsControllerPhone.m */ = {isa = PBXFileReference; fileEncoding = 4; lastKnownFileType = sourcecode.c.objc; path = GC_BoardsControllerPhone.m; sourceTree = SOURCE_ROOT; };
		79FA57C714F01E04002FB6AF /* GameKitIosExtension.m */ = {isa = PBXFileReference; fileEncoding = 4; lastKnownFileType = sourcecode.c.objc; path = GameKitIosExtension.m; sourceTree = "<group>"; };
		79FA57C814F01E04002FB6AF /* GC_NativeMessages.h */ = {isa = PBXFileReference; fileEncoding = 4; lastKnownFileType = sourcecode.c.h; path = GC_NativeMessages.h; sourceTree = "<group>"; };
/* End PBXFileReference section */

/* Begin PBXFrameworksBuildPhase section */
		798B42251467CE5700F01668 /* Frameworks */ = {
			isa = PBXFrameworksBuildPhase;
			buildActionMask = 2147483647;
			files = (
				798B422C1467CE5700F01668 /* Foundation.framework in Frameworks */,
				798B42391467CE9900F01668 /* GameKit.framework in Frameworks */,
			);
			runOnlyForDeploymentPostprocessing = 0;
		};
/* End PBXFrameworksBuildPhase section */

/* Begin PBXGroup section */
		798B421D1467CE5700F01668 = {
			isa = PBXGroup;
			children = (
				1B58A04716072C8C00499298 /* JSONKit.h */,
				1B58A04816072C8C00499298 /* JSONKit.m */,
				1B58A03F1602D58000499298 /* FRETypeConversion.h */,
				1B58A0401602D58000499298 /* FRETypeConversion.m */,
				1B58A03A1602D56F00499298 /* GKMatchmakerViewController-LandscapeOnly.h */,
				1B58A03B1602D56F00499298 /* GKMatchmakerViewController-LandscapeOnly.m */,
				79FA57C714F01E04002FB6AF /* GameKitIosExtension.m */,
				79ED1B10158F61E8003B20F6 /* GameKitHandler.h */,
				79ED1B11158F61E8003B20F6 /* GameKitHandler.m */,
				79ED1B0C158F5D8A003B20F6 /* GC_TypeConversion.h */,
				79ED1B0D158F5D8A003B20F6 /* GC_TypeConversion.m */,
				79ED079A152B5E40006EA7E5 /* GC_LeaderboardWithNames.h */,
				79ED079B152B5E40006EA7E5 /* GC_LeaderboardWithNames.m */,
				79FA57B914F01DE8002FB6AF /* GC_BoardsController.h */,
				79FA57BA14F01DE8002FB6AF /* GC_BoardsControllerPad.h */,
				79FA57BB14F01DE8002FB6AF /* GC_BoardsControllerPad.m */,
				79FA57BC14F01DE8002FB6AF /* GC_BoardsControllerPhone.h */,
				79FA57BD14F01DE8002FB6AF /* GC_BoardsControllerPhone.m */,
				79FA57C814F01E04002FB6AF /* GC_NativeMessages.h */,
				798B423A1467CF0F00F01668 /* FlashRuntimeExtensions.h */,
				798B422A1467CE5700F01668 /* Frameworks */,
				798B42291467CE5700F01668 /* Products */,
			);
			sourceTree = "<group>";
		};
		798B42291467CE5700F01668 /* Products */ = {
			isa = PBXGroup;
			children = (
				798B42281467CE5700F01668 /* libGameCenterIosExtension.a */,
			);
			name = Products;
			sourceTree = "<group>";
		};
		798B422A1467CE5700F01668 /* Frameworks */ = {
			isa = PBXGroup;
			children = (
				798B42381467CE9900F01668 /* GameKit.framework */,
				798B422B1467CE5700F01668 /* Foundation.framework */,
			);
			name = Frameworks;
			sourceTree = "<group>";
		};
/* End PBXGroup section */

/* Begin PBXHeadersBuildPhase section */
		798B42261467CE5700F01668 /* Headers */ = {
			isa = PBXHeadersBuildPhase;
			buildActionMask = 2147483647;
			files = (
				1B58A04916072C8C00499298 /* JSONKit.h in Headers */,
				1B58A04A16072C8C00499298 /* JSONKit.m in Headers */,
				798B423B1467CF0F00F01668 /* FlashRuntimeExtensions.h in Headers */,
				79FA57BE14F01DE8002FB6AF /* GC_BoardsController.h in Headers */,
				79FA57BF14F01DE8002FB6AF /* GC_BoardsControllerPad.h in Headers */,
				79FA57C114F01DE8002FB6AF /* GC_BoardsControllerPhone.h in Headers */,
				79FA57CD14F01E04002FB6AF /* GC_NativeMessages.h in Headers */,
				79ED079C152B5E40006EA7E5 /* GC_LeaderboardWithNames.h in Headers */,
				79ED1B0E158F5D8A003B20F6 /* GC_TypeConversion.h in Headers */,
				79ED1B12158F61E8003B20F6 /* GameKitHandler.h in Headers */,
				1B58A03C1602D56F00499298 /* GKMatchmakerViewController-LandscapeOnly.h in Headers */,
				1B58A0411602D58000499298 /* FRETypeConversion.h in Headers */,
			);
			runOnlyForDeploymentPostprocessing = 0;
		};
/* End PBXHeadersBuildPhase section */

/* Begin PBXNativeTarget section */
		798B42271467CE5700F01668 /* GameCenterIosExtension */ = {
			isa = PBXNativeTarget;
			buildConfigurationList = 798B42351467CE5700F01668 /* Build configuration list for PBXNativeTarget "GameCenterIosExtension" */;
			buildPhases = (
				798B42241467CE5700F01668 /* Sources */,
				798B42251467CE5700F01668 /* Frameworks */,
				798B42261467CE5700F01668 /* Headers */,
			);
			buildRules = (
			);
			dependencies = (
			);
			name = GameCenterIosExtension;
			productName = GameCenterIosExtension;
			productReference = 798B42281467CE5700F01668 /* libGameCenterIosExtension.a */;
			productType = "com.apple.product-type.library.static";
		};
/* End PBXNativeTarget section */

/* Begin PBXProject section */
		798B421F1467CE5700F01668 /* Project object */ = {
			isa = PBXProject;
			attributes = {
				LastUpgradeCheck = 0430;
				ORGANIZATIONNAME = "Stick Sports Ltd";
			};
			buildConfigurationList = 798B42221467CE5700F01668 /* Build configuration list for PBXProject "GameCenterIosExtension" */;
			compatibilityVersion = "Xcode 3.2";
			developmentRegion = English;
			hasScannedForEncodings = 0;
			knownRegions = (
				en,
			);
			mainGroup = 798B421D1467CE5700F01668;
			productRefGroup = 798B42291467CE5700F01668 /* Products */;
			projectDirPath = "";
			projectRoot = "";
			targets = (
				798B42271467CE5700F01668 /* GameCenterIosExtension */,
			);
		};
/* End PBXProject section */

/* Begin PBXSourcesBuildPhase section */
		798B42241467CE5700F01668 /* Sources */ = {
			isa = PBXSourcesBuildPhase;
			buildActionMask = 2147483647;
			files = (
				79FA57C014F01DE8002FB6AF /* GC_BoardsControllerPad.m in Sources */,
				79FA57C214F01DE8002FB6AF /* GC_BoardsControllerPhone.m in Sources */,
				79FA57CC14F01E04002FB6AF /* GameKitIosExtension.m in Sources */,
				79ED079D152B5E40006EA7E5 /* GC_LeaderboardWithNames.m in Sources */,
				79ED1B0F158F5D8A003B20F6 /* GC_TypeConversion.m in Sources */,
				79ED1B13158F61E8003B20F6 /* GameKitHandler.m in Sources */,
				1B58A03D1602D56F00499298 /* GKMatchmakerViewController-LandscapeOnly.m in Sources */,
				1B58A0421602D58000499298 /* FRETypeConversion.m in Sources */,
			);
			runOnlyForDeploymentPostprocessing = 0;
		};
/* End PBXSourcesBuildPhase section */

/* Begin XCBuildConfiguration section */
		798B42331467CE5700F01668 /* Debug */ = {
			isa = XCBuildConfiguration;
			buildSettings = {
				ALWAYS_SEARCH_USER_PATHS = NO;
				ARCHS = "$(ARCHS_STANDARD_32_BIT)";
				COPY_PHASE_STRIP = NO;
				GCC_C_LANGUAGE_STANDARD = gnu99;
				GCC_DYNAMIC_NO_PIC = NO;
				GCC_OPTIMIZATION_LEVEL = 0;
				GCC_PRECOMPILE_PREFIX_HEADER = NO;
				GCC_PREPROCESSOR_DEFINITIONS = "";
				GCC_SYMBOLS_PRIVATE_EXTERN = NO;
				GCC_VERSION = com.apple.compilers.llvm.clang.1_0;
				GCC_WARN_ABOUT_MISSING_PROTOTYPES = NO;
				GCC_WARN_ABOUT_POINTER_SIGNEDNESS = NO;
				GCC_WARN_ABOUT_RETURN_TYPE = YES;
				GCC_WARN_UNUSED_VARIABLE = YES;
				IPHONEOS_DEPLOYMENT_TARGET = 4.0;
				SDKROOT = iphoneos;
			};
			name = Debug;
		};
		798B42341467CE5700F01668 /* Release */ = {
			isa = XCBuildConfiguration;
			buildSettings = {
				ALWAYS_SEARCH_USER_PATHS = NO;
				ARCHS = "$(ARCHS_STANDARD_32_BIT)";
				COPY_PHASE_STRIP = YES;
				GCC_C_LANGUAGE_STANDARD = gnu99;
				GCC_PRECOMPILE_PREFIX_HEADER = NO;
				GCC_VERSION = com.apple.compilers.llvm.clang.1_0;
				GCC_WARN_ABOUT_MISSING_PROTOTYPES = NO;
				GCC_WARN_ABOUT_POINTER_SIGNEDNESS = NO;
				GCC_WARN_ABOUT_RETURN_TYPE = YES;
				GCC_WARN_UNUSED_VARIABLE = YES;
				IPHONEOS_DEPLOYMENT_TARGET = 4.0;
				SDKROOT = iphoneos;
				VALIDATE_PRODUCT = YES;
			};
			name = Release;
		};
		798B42361467CE5700F01668 /* Debug */ = {
			isa = XCBuildConfiguration;
			buildSettings = {
				DSTROOT = /tmp/GameCenterIosExtension.dst;
				GCC_LINK_WITH_DYNAMIC_LIBRARIES = YES;
				GCC_PRECOMPILE_PREFIX_HEADER = NO;
				GCC_PREFIX_HEADER = "";
				GCC_PREPROCESSOR_DEFINITIONS = "";
				GCC_WARN_ABOUT_MISSING_PROTOTYPES = NO;
				IPHONEOS_DEPLOYMENT_TARGET = 4.0;
				LINK_WITH_STANDARD_LIBRARIES = NO;
				OTHER_LDFLAGS = "-ObjC";
				PRODUCT_NAME = GameCenterIosExtension;
				SKIP_INSTALL = YES;
				TARGETED_DEVICE_FAMILY = "1,2";
			};
			name = Debug;
		};
		798B42371467CE5700F01668 /* Release */ = {
			isa = XCBuildConfiguration;
			buildSettings = {
				DSTROOT = /tmp/GameCenterIosExtension.dst;
				GCC_LINK_WITH_DYNAMIC_LIBRARIES = YES;
				GCC_PRECOMPILE_PREFIX_HEADER = NO;
				GCC_PREFIX_HEADER = "";
				GCC_WARN_ABOUT_MISSING_PROTOTYPES = NO;
				IPHONEOS_DEPLOYMENT_TARGET = 4.0;
				LINK_WITH_STANDARD_LIBRARIES = NO;
				OTHER_LDFLAGS = "-ObjC";
				PRODUCT_NAME = GameCenterIosExtension;
				SKIP_INSTALL = YES;
				TARGETED_DEVICE_FAMILY = "1,2";
			};
			name = Release;
		};
/* End XCBuildConfiguration section */

/* Begin XCConfigurationList section */
		798B42221467CE5700F01668 /* Build configuration list for PBXProject "GameCenterIosExtension" */ = {
			isa = XCConfigurationList;
			buildConfigurations = (
				798B42331467CE5700F01668 /* Debug */,
				798B42341467CE5700F01668 /* Release */,
			);
			defaultConfigurationIsVisible = 0;
			defaultConfigurationName = Release;
		};
		798B42351467CE5700F01668 /* Build configuration list for PBXNativeTarget "GameCenterIosExtension" */ = {
			isa = XCConfigurationList;
			buildConfigurations = (
				798B42361467CE5700F01668 /* Debug */,
				798B42371467CE5700F01668 /* Release */,
			);
			defaultConfigurationIsVisible = 0;
			defaultConfigurationName = Release;
		};
/* End XCConfigurationList section */
	};
	rootObject = 798B421F1467CE5700F01668 /* Project object */;
}
